// !$*UTF8*$!
{
	archiveVersion = 1;
	classes = {
	};
	objectVersion = 77;
	objects = {

/* Begin PBXBuildFile section */
		015BEA976B75D96F5BA092C5 /* SessionSlotRegistryTests.swift in Sources */ = {isa = PBXBuildFile; fileRef = F5EE0157948A72A17EABE5DF /* SessionSlotRegistryTests.swift */; };
		01DAF88EE2D35C3C76D512BA /* SessionManager.swift in Sources */ = {isa = PBXBuildFile; fileRef = DBAEB4EDCBC76A34013A6A2B /* SessionManager.swift */; };
		10C5C568946DDBF2DBA2ED5F /* ServerEditorView.swift in Sources */ = {isa = PBXBuildFile; fileRef = D8805309DF2ECD9C0FDDFF17 /* ServerEditorView.swift */; };
		15CC4161B1EEA8BE061C127A /* ServerWorkspaceView.swift in Sources */ = {isa = PBXBuildFile; fileRef = D68EFBD139F953D0BB5AB5FF /* ServerWorkspaceView.swift */; };
		1FAB7012A487D3DF1D4DD63F /* TerminalSession.swift in Sources */ = {isa = PBXBuildFile; fileRef = 823E6486523A027AE234E82F /* TerminalSession.swift */; };
		35B6FFD9E04FF4EED06647AE /* ServerStoreTests.swift in Sources */ = {isa = PBXBuildFile; fileRef = 2697C93720DDD8E1EC07A41D /* ServerStoreTests.swift */; };
		572710B7669D7AEEA483014F /* TerminalHostView.swift in Sources */ = {isa = PBXBuildFile; fileRef = 64FF91965EF0EBF91B5A689F /* TerminalHostView.swift */; };
		66F98AD3AFE5444CCEE62B5B /* AgentConsoleApp.swift in Sources */ = {isa = PBXBuildFile; fileRef = 527BE8ED343C034268582DDC /* AgentConsoleApp.swift */; };
		676A5F316C8EA543C222DA66 /* SwiftTerm in Frameworks */ = {isa = PBXBuildFile; productRef = AA745BE50E739471EC696F0A /* SwiftTerm */; };
		6FDDE13B47E61CD0BAE351FE /* SSHCommandBuilder.swift in Sources */ = {isa = PBXBuildFile; fileRef = 2C00EC8089D2BC7331FAD441 /* SSHCommandBuilder.swift */; };
		7ACB29A36E8672109A6BDC64 /* Assets.xcassets in Resources */ = {isa = PBXBuildFile; fileRef = DDA94A965511B1B108661A69 /* Assets.xcassets */; };
		7B2D7E344EDB1834C685E078 /* SessionSlot.swift in Sources */ = {isa = PBXBuildFile; fileRef = 44BA125F3DC7EF5C225C6E7C /* SessionSlot.swift */; };
		84A3E20446C68DD65CBE0E32 /* ContentView.swift in Sources */ = {isa = PBXBuildFile; fileRef = A0DE348855542BB0E8011910 /* ContentView.swift */; };
		8E4DB533F54E339101BC4517 /* ServerProfile.swift in Sources */ = {isa = PBXBuildFile; fileRef = A2D028FA91D4D79A3DD3743B /* ServerProfile.swift */; };
		9E3EAB4B7D31A120F4A0E3A4 /* ServerProfileTests.swift in Sources */ = {isa = PBXBuildFile; fileRef = 3368528C2F7AE03F186F15F6 /* ServerProfileTests.swift */; };
		AD4FA234024E03EFEFB10FB9 /* SSHCommandBuilderTests.swift in Sources */ = {isa = PBXBuildFile; fileRef = 560E61FE52A6592493EC8AC5 /* SSHCommandBuilderTests.swift */; };
		EE4997200EDA489ADB7CA293 /* ServerStore.swift in Sources */ = {isa = PBXBuildFile; fileRef = 9AE8F399F4B8ED15B6E9396B /* ServerStore.swift */; };
		FA58858CD6F2F64982DD116D /* AgentKind.swift in Sources */ = {isa = PBXBuildFile; fileRef = 832652CBBA0568C35D939C8E /* AgentKind.swift */; };
/* End PBXBuildFile section */

/* Begin PBXContainerItemProxy section */
		604E77DBFA5AE6DB58D2FD0B /* PBXContainerItemProxy */ = {
			isa = PBXContainerItemProxy;
			containerPortal = E04C45D70525DF13036A7F9D /* Project object */;
			proxyType = 1;
			remoteGlobalIDString = D1EA6366162B186DC5BD0932;
			remoteInfo = AgentConsole;
		};
/* End PBXContainerItemProxy section */

/* Begin PBXFileReference section */
		2697C93720DDD8E1EC07A41D /* ServerStoreTests.swift */ = {isa = PBXFileReference; lastKnownFileType = sourcecode.swift; path = ServerStoreTests.swift; sourceTree = "<group>"; };
		2C00EC8089D2BC7331FAD441 /* SSHCommandBuilder.swift */ = {isa = PBXFileReference; lastKnownFileType = sourcecode.swift; path = SSHCommandBuilder.swift; sourceTree = "<group>"; };
		3368528C2F7AE03F186F15F6 /* ServerProfileTests.swift */ = {isa = PBXFileReference; lastKnownFileType = sourcecode.swift; path = ServerProfileTests.swift; sourceTree = "<group>"; };
		44BA125F3DC7EF5C225C6E7C /* SessionSlot.swift */ = {isa = PBXFileReference; lastKnownFileType = sourcecode.swift; path = SessionSlot.swift; sourceTree = "<group>"; };
		527BE8ED343C034268582DDC /* AgentConsoleApp.swift */ = {isa = PBXFileReference; lastKnownFileType = sourcecode.swift; path = AgentConsoleApp.swift; sourceTree = "<group>"; };
		560E61FE52A6592493EC8AC5 /* SSHCommandBuilderTests.swift */ = {isa = PBXFileReference; lastKnownFileType = sourcecode.swift; path = SSHCommandBuilderTests.swift; sourceTree = "<group>"; };
		64FF91965EF0EBF91B5A689F /* TerminalHostView.swift */ = {isa = PBXFileReference; lastKnownFileType = sourcecode.swift; path = TerminalHostView.swift; sourceTree = "<group>"; };
		6AD5520115D7641FC2CE2563 /* AgentConsoleTests.xctest */ = {isa = PBXFileReference; explicitFileType = wrapper.cfbundle; includeInIndex = 0; path = AgentConsoleTests.xctest; sourceTree = BUILT_PRODUCTS_DIR; };
		823E6486523A027AE234E82F /* TerminalSession.swift */ = {isa = PBXFileReference; lastKnownFileType = sourcecode.swift; path = TerminalSession.swift; sourceTree = "<group>"; };
		832652CBBA0568C35D939C8E /* AgentKind.swift */ = {isa = PBXFileReference; lastKnownFileType = sourcecode.swift; path = AgentKind.swift; sourceTree = "<group>"; };
		9AE8F399F4B8ED15B6E9396B /* ServerStore.swift */ = {isa = PBXFileReference; lastKnownFileType = sourcecode.swift; path = ServerStore.swift; sourceTree = "<group>"; };
		A0DE348855542BB0E8011910 /* ContentView.swift */ = {isa = PBXFileReference; lastKnownFileType = sourcecode.swift; path = ContentView.swift; sourceTree = "<group>"; };
		A2D028FA91D4D79A3DD3743B /* ServerProfile.swift */ = {isa = PBXFileReference; lastKnownFileType = sourcecode.swift; path = ServerProfile.swift; sourceTree = "<group>"; };
		CC1E83D4C3CFEDD7CFDEBB40 /* AgentConsole.app */ = {isa = PBXFileReference; explicitFileType = wrapper.application; includeInIndex = 0; path = AgentConsole.app; sourceTree = BUILT_PRODUCTS_DIR; };
		D68EFBD139F953D0BB5AB5FF /* ServerWorkspaceView.swift */ = {isa = PBXFileReference; lastKnownFileType = sourcecode.swift; path = ServerWorkspaceView.swift; sourceTree = "<group>"; };
		D8805309DF2ECD9C0FDDFF17 /* ServerEditorView.swift */ = {isa = PBXFileReference; lastKnownFileType = sourcecode.swift; path = ServerEditorView.swift; sourceTree = "<group>"; };
		DBAEB4EDCBC76A34013A6A2B /* SessionManager.swift */ = {isa = PBXFileReference; lastKnownFileType = sourcecode.swift; path = SessionManager.swift; sourceTree = "<group>"; };
		DDA94A965511B1B108661A69 /* Assets.xcassets */ = {isa = PBXFileReference; lastKnownFileType = folder.assetcatalog; path = Assets.xcassets; sourceTree = "<group>"; };
		F5EE0157948A72A17EABE5DF /* SessionSlotRegistryTests.swift */ = {isa = PBXFileReference; lastKnownFileType = sourcecode.swift; path = SessionSlotRegistryTests.swift; sourceTree = "<group>"; };
/* End PBXFileReference section */

/* Begin PBXFrameworksBuildPhase section */
		47CD7A2F623668E274D9AAA3 /* Frameworks */ = {
			isa = PBXFrameworksBuildPhase;
			buildActionMask = 2147483647;
			files = (
				676A5F316C8EA543C222DA66 /* SwiftTerm in Frameworks */,
			);
			runOnlyForDeploymentPostprocessing = 0;
		};
/* End PBXFrameworksBuildPhase section */

/* Begin PBXGroup section */
		14FC41411BB2E0F03DC0DB35 /* AgentConsoleTests */ = {
			isa = PBXGroup;
			children = (
				3368528C2F7AE03F186F15F6 /* ServerProfileTests.swift */,
				2697C93720DDD8E1EC07A41D /* ServerStoreTests.swift */,
				F5EE0157948A72A17EABE5DF /* SessionSlotRegistryTests.swift */,
				560E61FE52A6592493EC8AC5 /* SSHCommandBuilderTests.swift */,
			);
			path = AgentConsoleTests;
			sourceTree = "<group>";
		};
		666507FE4C33A7740E6DCD2E /* Services */ = {
			isa = PBXGroup;
			children = (
				9AE8F399F4B8ED15B6E9396B /* ServerStore.swift */,
				2C00EC8089D2BC7331FAD441 /* SSHCommandBuilder.swift */,
			);
			path = Services;
			sourceTree = "<group>";
		};
		6EEADCCAFB98CF8AFE4F1BA3 /* Models */ = {
			isa = PBXGroup;
			children = (
				832652CBBA0568C35D939C8E /* AgentKind.swift */,
				A2D028FA91D4D79A3DD3743B /* ServerProfile.swift */,
				44BA125F3DC7EF5C225C6E7C /* SessionSlot.swift */,
			);
			path = Models;
			sourceTree = "<group>";
		};
		827738F0BA0BE6B075039E96 /* Products */ = {
			isa = PBXGroup;
			children = (
				CC1E83D4C3CFEDD7CFDEBB40 /* AgentConsole.app */,
				6AD5520115D7641FC2CE2563 /* AgentConsoleTests.xctest */,
			);
			name = Products;
			sourceTree = "<group>";
		};
		8B01D6D99CFA80D61A90154A /* AgentConsole */ = {
			isa = PBXGroup;
			children = (
				527BE8ED343C034268582DDC /* AgentConsoleApp.swift */,
				DDA94A965511B1B108661A69 /* Assets.xcassets */,
				6EEADCCAFB98CF8AFE4F1BA3 /* Models */,
				666507FE4C33A7740E6DCD2E /* Services */,
				B5FEFE0D4F4BF0D132EE9EAB /* Sessions */,
				C1F86BB877FDEC0E623C3E51 /* Views */,
			);
			path = AgentConsole;
			sourceTree = "<group>";
		};
		8C34D3C9F8925B02CC8FB8FC = {
			isa = PBXGroup;
			children = (
				8B01D6D99CFA80D61A90154A /* AgentConsole */,
				14FC41411BB2E0F03DC0DB35 /* AgentConsoleTests */,
				827738F0BA0BE6B075039E96 /* Products */,
			);
			sourceTree = "<group>";
		};
		B5FEFE0D4F4BF0D132EE9EAB /* Sessions */ = {
			isa = PBXGroup;
			children = (
				DBAEB4EDCBC76A34013A6A2B /* SessionManager.swift */,
				823E6486523A027AE234E82F /* TerminalSession.swift */,
			);
			path = Sessions;
			sourceTree = "<group>";
		};
		C1F86BB877FDEC0E623C3E51 /* Views */ = {
			isa = PBXGroup;
			children = (
				A0DE348855542BB0E8011910 /* ContentView.swift */,
				D8805309DF2ECD9C0FDDFF17 /* ServerEditorView.swift */,
				D68EFBD139F953D0BB5AB5FF /* ServerWorkspaceView.swift */,
				64FF91965EF0EBF91B5A689F /* TerminalHostView.swift */,
			);
			path = Views;
			sourceTree = "<group>";
		};
/* End PBXGroup section */

/* Begin PBXNativeTarget section */
		D1EA6366162B186DC5BD0932 /* AgentConsole */ = {
			isa = PBXNativeTarget;
			buildConfigurationList = 1E2FC7D9BD6FEBF19598D183 /* Build configuration list for PBXNativeTarget "AgentConsole" */;
			buildPhases = (
				07EFF3904821FBA5B609448C /* Sources */,
				1859FFA93FA25C6933059AD7 /* Resources */,
				47CD7A2F623668E274D9AAA3 /* Frameworks */,
			);
			buildRules = (
			);
			dependencies = (
			);
			name = AgentConsole;
			packageProductDependencies = (
				AA745BE50E739471EC696F0A /* SwiftTerm */,
			);
			productName = AgentConsole;
			productReference = CC1E83D4C3CFEDD7CFDEBB40 /* AgentConsole.app */;
			productType = "com.apple.product-type.application";
		};
		D641524A6CA84E4AFF4182A1 /* AgentConsoleTests */ = {
			isa = PBXNativeTarget;
			buildConfigurationList = FFF06695E18156361B6288FD /* Build configuration list for PBXNativeTarget "AgentConsoleTests" */;
			buildPhases = (
				F6967841034DAB3ECD38923A /* Sources */,
			);
			buildRules = (
			);
			dependencies = (
				087E611BCFC0732597D5398D /* PBXTargetDependency */,
			);
			name = AgentConsoleTests;
			packageProductDependencies = (
			);
			productName = AgentConsoleTests;
			productReference = 6AD5520115D7641FC2CE2563 /* AgentConsoleTests.xctest */;
			productType = "com.apple.product-type.bundle.unit-test";
		};
/* End PBXNativeTarget section */

/* Begin PBXProject section */
		E04C45D70525DF13036A7F9D /* Project object */ = {
			isa = PBXProject;
			attributes = {
				BuildIndependentTargetsInParallel = YES;
				LastUpgradeCheck = 1430;
				TargetAttributes = {
					D1EA6366162B186DC5BD0932 = {
						ProvisioningStyle = Automatic;
					};
				};
			};
			buildConfigurationList = F8CC9025E39E399A71516D15 /* Build configuration list for PBXProject "AgentConsole" */;
			developmentRegion = en;
			hasScannedForEncodings = 0;
			knownRegions = (
				Base,
				en,
			);
			mainGroup = 8C34D3C9F8925B02CC8FB8FC;
			minimizedProjectReferenceProxies = 1;
			packageReferences = (
				3E1A673A265C78CF58C95448 /* XCRemoteSwiftPackageReference "SwiftTerm" */,
			);
			preferredProjectObjectVersion = 77;
			productRefGroup = 827738F0BA0BE6B075039E96 /* Products */;
			projectDirPath = "";
			projectRoot = "";
			targets = (
				D1EA6366162B186DC5BD0932 /* AgentConsole */,
				D641524A6CA84E4AFF4182A1 /* AgentConsoleTests */,
			);
		};
/* End PBXProject section */

/* Begin PBXResourcesBuildPhase section */
		1859FFA93FA25C6933059AD7 /* Resources */ = {
			isa = PBXResourcesBuildPhase;
			buildActionMask = 2147483647;
			files = (
				7ACB29A36E8672109A6BDC64 /* Assets.xcassets in Resources */,
			);
			runOnlyForDeploymentPostprocessing = 0;
		};
/* End PBXResourcesBuildPhase section */

/* Begin PBXSourcesBuildPhase section */
		07EFF3904821FBA5B609448C /* Sources */ = {
			isa = PBXSourcesBuildPhase;
			buildActionMask = 2147483647;
			files = (
				66F98AD3AFE5444CCEE62B5B /* AgentConsoleApp.swift in Sources */,
				FA58858CD6F2F64982DD116D /* AgentKind.swift in Sources */,
				84A3E20446C68DD65CBE0E32 /* ContentView.swift in Sources */,
				6FDDE13B47E61CD0BAE351FE /* SSHCommandBuilder.swift in Sources */,
				10C5C568946DDBF2DBA2ED5F /* ServerEditorView.swift in Sources */,
				8E4DB533F54E339101BC4517 /* ServerProfile.swift in Sources */,
				EE4997200EDA489ADB7CA293 /* ServerStore.swift in Sources */,
				15CC4161B1EEA8BE061C127A /* ServerWorkspaceView.swift in Sources */,
				01DAF88EE2D35C3C76D512BA /* SessionManager.swift in Sources */,
				7B2D7E344EDB1834C685E078 /* SessionSlot.swift in Sources */,
				572710B7669D7AEEA483014F /* TerminalHostView.swift in Sources */,
				1FAB7012A487D3DF1D4DD63F /* TerminalSession.swift in Sources */,
			);
			runOnlyForDeploymentPostprocessing = 0;
		};
		F6967841034DAB3ECD38923A /* Sources */ = {
			isa = PBXSourcesBuildPhase;
			buildActionMask = 2147483647;
			files = (
				AD4FA234024E03EFEFB10FB9 /* SSHCommandBuilderTests.swift in Sources */,
				9E3EAB4B7D31A120F4A0E3A4 /* ServerProfileTests.swift in Sources */,
				35B6FFD9E04FF4EED06647AE /* ServerStoreTests.swift in Sources */,
				015BEA976B75D96F5BA092C5 /* SessionSlotRegistryTests.swift in Sources */,
			);
			runOnlyForDeploymentPostprocessing = 0;
		};
/* End PBXSourcesBuildPhase section */

/* Begin PBXTargetDependency section */
		087E611BCFC0732597D5398D /* PBXTargetDependency */ = {
			isa = PBXTargetDependency;
			target = D1EA6366162B186DC5BD0932 /* AgentConsole */;
			targetProxy = 604E77DBFA5AE6DB58D2FD0B /* PBXContainerItemProxy */;
		};
/* End PBXTargetDependency section */

/* Begin XCBuildConfiguration section */
		12B8A045C1E9A474D9884F00 /* Release */ = {
			isa = XCBuildConfiguration;
			buildSettings = {
				BUNDLE_LOADER = "$(TEST_HOST)";
				COMBINE_HIDPI_IMAGES = YES;
				GENERATE_INFOPLIST_FILE = YES;
				LD_RUNPATH_SEARCH_PATHS = (
					"$(inherited)",
					"@executable_path/../Frameworks",
					"@loader_path/../Frameworks",
				);
				PRODUCT_BUNDLE_IDENTIFIER = com.miguelpieras.AgentConsoleTests;
				SDKROOT = macosx;
				SWIFT_VERSION = 5.0;
				TEST_HOST = "$(BUILT_PRODUCTS_DIR)/AgentConsole.app/Contents/MacOS/AgentConsole";
			};
			name = Release;
		};
		334D1ED03CC6F1CAA6983665 /* Debug */ = {
			isa = XCBuildConfiguration;
			buildSettings = {
				BUNDLE_LOADER = "$(TEST_HOST)";
				COMBINE_HIDPI_IMAGES = YES;
				GENERATE_INFOPLIST_FILE = YES;
				LD_RUNPATH_SEARCH_PATHS = (
					"$(inherited)",
					"@executable_path/../Frameworks",
					"@loader_path/../Frameworks",
				);
				PRODUCT_BUNDLE_IDENTIFIER = com.miguelpieras.AgentConsoleTests;
				SDKROOT = macosx;
				SWIFT_VERSION = 5.0;
				TEST_HOST = "$(BUILT_PRODUCTS_DIR)/AgentConsole.app/Contents/MacOS/AgentConsole";
			};
			name = Debug;
		};
		57E3308AD853EEB5D81DE1DF /* Release */ = {
			isa = XCBuildConfiguration;
			buildSettings = {
				ALWAYS_SEARCH_USER_PATHS = NO;
				CLANG_ANALYZER_NONNULL = YES;
				CLANG_ANALYZER_NUMBER_OBJECT_CONVERSION = YES_AGGRESSIVE;
				CLANG_CXX_LANGUAGE_STANDARD = "gnu++14";
				CLANG_CXX_LIBRARY = "libc++";
				CLANG_ENABLE_MODULES = YES;
				CLANG_ENABLE_OBJC_ARC = YES;
				CLANG_ENABLE_OBJC_WEAK = YES;
				CLANG_WARN_BLOCK_CAPTURE_AUTORELEASING = YES;
				CLANG_WARN_BOOL_CONVERSION = YES;
				CLANG_WARN_COMMA = YES;
				CLANG_WARN_CONSTANT_CONVERSION = YES;
				CLANG_WARN_DEPRECATED_OBJC_IMPLEMENTATIONS = YES;
				CLANG_WARN_DIRECT_OBJC_ISA_USAGE = YES_ERROR;
				CLANG_WARN_DOCUMENTATION_COMMENTS = YES;
				CLANG_WARN_EMPTY_BODY = YES;
				CLANG_WARN_ENUM_CONVERSION = YES;
				CLANG_WARN_INFINITE_RECURSION = YES;
				CLANG_WARN_INT_CONVERSION = YES;
				CLANG_WARN_NON_LITERAL_NULL_CONVERSION = YES;
				CLANG_WARN_OBJC_IMPLICIT_RETAIN_SELF = YES;
				CLANG_WARN_OBJC_LITERAL_CONVERSION = YES;
				CLANG_WARN_OBJC_ROOT_CLASS = YES_ERROR;
				CLANG_WARN_QUOTED_INCLUDE_IN_FRAMEWORK_HEADER = YES;
				CLANG_WARN_RANGE_LOOP_ANALYSIS = YES;
				CLANG_WARN_STRICT_PROTOTYPES = YES;
				CLANG_WARN_SUSPICIOUS_MOVE = YES;
				CLANG_WARN_UNGUARDED_AVAILABILITY = YES_AGGRESSIVE;
				CLANG_WARN_UNREACHABLE_CODE = YES;
				CLANG_WARN__DUPLICATE_METHOD_MATCH = YES;
				COPY_PHASE_STRIP = NO;
				DEBUG_INFORMATION_FORMAT = "dwarf-with-dsym";
				ENABLE_NS_ASSERTIONS = NO;
				ENABLE_STRICT_OBJC_MSGSEND = YES;
				GCC_C_LANGUAGE_STANDARD = gnu11;
				GCC_NO_COMMON_BLOCKS = YES;
				GCC_WARN_64_TO_32_BIT_CONVERSION = YES;
				GCC_WARN_ABOUT_RETURN_TYPE = YES_ERROR;
				GCC_WARN_UNDECLARED_SELECTOR = YES;
				GCC_WARN_UNINITIALIZED_AUTOS = YES_AGGRESSIVE;
				GCC_WARN_UNUSED_FUNCTION = YES;
				GCC_WARN_UNUSED_VARIABLE = YES;
				MACOSX_DEPLOYMENT_TARGET = 14.0;
				MTL_ENABLE_DEBUG_INFO = NO;
				MTL_FAST_MATH = YES;
				PRODUCT_NAME = "$(TARGET_NAME)";
				SDKROOT = macosx;
				SWIFT_COMPILATION_MODE = wholemodule;
				SWIFT_OPTIMIZATION_LEVEL = "-O";
				SWIFT_VERSION = 5.0;
			};
			name = Release;
		};
		828C8D7F49744E87F3E91F65 /* Release */ = {
			isa = XCBuildConfiguration;
			buildSettings = {
				ASSETCATALOG_COMPILER_APPICON_NAME = AppIcon;
				CODE_SIGN_STYLE = Automatic;
				COMBINE_HIDPI_IMAGES = YES;
				CURRENT_PROJECT_VERSION = 1;
				ENABLE_HARDENED_RUNTIME = YES;
				GENERATE_INFOPLIST_FILE = YES;
				INFOPLIST_KEY_CFBundleDisplayName = "Agent Console";
				INFOPLIST_KEY_LSApplicationCategoryType = "public.app-category.developer-tools";
				LD_RUNPATH_SEARCH_PATHS = (
					"$(inherited)",
					"@executable_path/../Frameworks",
				);
				MARKETING_VERSION = 1.0;
				PRODUCT_BUNDLE_IDENTIFIER = com.miguelpieras.AgentConsole;
				PRODUCT_MODULE_NAME = AgentConsole;
				SDKROOT = macosx;
				SWIFT_VERSION = 5.0;
			};
			name = Release;
		};
		86A4289EE874E807B0627A02 /* Debug */ = {
			isa = XCBuildConfiguration;
			buildSettings = {
				ASSETCATALOG_COMPILER_APPICON_NAME = AppIcon;
				CODE_SIGN_STYLE = Automatic;
				COMBINE_HIDPI_IMAGES = YES;
				CURRENT_PROJECT_VERSION = 1;
				ENABLE_HARDENED_RUNTIME = YES;
				GENERATE_INFOPLIST_FILE = YES;
				INFOPLIST_KEY_CFBundleDisplayName = "Agent Console";
				INFOPLIST_KEY_LSApplicationCategoryType = "public.app-category.developer-tools";
				LD_RUNPATH_SEARCH_PATHS = (
					"$(inherited)",
					"@executable_path/../Frameworks",
				);
				MARKETING_VERSION = 1.0;
				PRODUCT_BUNDLE_IDENTIFIER = com.miguelpieras.AgentConsole;
				PRODUCT_MODULE_NAME = AgentConsole;
				SDKROOT = macosx;
				SWIFT_VERSION = 5.0;
			};
			name = Debug;
		};
		CA1F4ED06A944B34DCD521DA /* Debug */ = {
			isa = XCBuildConfiguration;
			buildSettings = {
				ALWAYS_SEARCH_USER_PATHS = NO;
				CLANG_ANALYZER_NONNULL = YES;
				CLANG_ANALYZER_NUMBER_OBJECT_CONVERSION = YES_AGGRESSIVE;
				CLANG_CXX_LANGUAGE_STANDARD = "gnu++14";
				CLANG_CXX_LIBRARY = "libc++";
				CLANG_ENABLE_MODULES = YES;
				CLANG_ENABLE_OBJC_ARC = YES;
				CLANG_ENABLE_OBJC_WEAK = YES;
				CLANG_WARN_BLOCK_CAPTURE_AUTORELEASING = YES;
				CLANG_WARN_BOOL_CONVERSION = YES;
				CLANG_WARN_COMMA = YES;
				CLANG_WARN_CONSTANT_CONVERSION = YES;
				CLANG_WARN_DEPRECATED_OBJC_IMPLEMENTATIONS = YES;
				CLANG_WARN_DIRECT_OBJC_ISA_USAGE = YES_ERROR;
				CLANG_WARN_DOCUMENTATION_COMMENTS = YES;
				CLANG_WARN_EMPTY_BODY = YES;
				CLANG_WARN_ENUM_CONVERSION = YES;
				CLANG_WARN_INFINITE_RECURSION = YES;
				CLANG_WARN_INT_CONVERSION = YES;
				CLANG_WARN_NON_LITERAL_NULL_CONVERSION = YES;
				CLANG_WARN_OBJC_IMPLICIT_RETAIN_SELF = YES;
				CLANG_WARN_OBJC_LITERAL_CONVERSION = YES;
				CLANG_WARN_OBJC_ROOT_CLASS = YES_ERROR;
				CLANG_WARN_QUOTED_INCLUDE_IN_FRAMEWORK_HEADER = YES;
				CLANG_WARN_RANGE_LOOP_ANALYSIS = YES;
				CLANG_WARN_STRICT_PROTOTYPES = YES;
				CLANG_WARN_SUSPICIOUS_MOVE = YES;
				CLANG_WARN_UNGUARDED_AVAILABILITY = YES_AGGRESSIVE;
				CLANG_WARN_UNREACHABLE_CODE = YES;
				CLANG_WARN__DUPLICATE_METHOD_MATCH = YES;
				COPY_PHASE_STRIP = NO;
				DEBUG_INFORMATION_FORMAT = dwarf;
				ENABLE_STRICT_OBJC_MSGSEND = YES;
				ENABLE_TESTABILITY = YES;
				GCC_C_LANGUAGE_STANDARD = gnu11;
				GCC_DYNAMIC_NO_PIC = NO;
				GCC_NO_COMMON_BLOCKS = YES;
				GCC_OPTIMIZATION_LEVEL = 0;
				GCC_PREPROCESSOR_DEFINITIONS = (
					"$(inherited)",
					"DEBUG=1",
				);
				GCC_WARN_64_TO_32_BIT_CONVERSION = YES;
				GCC_WARN_ABOUT_RETURN_TYPE = YES_ERROR;
				GCC_WARN_UNDECLARED_SELECTOR = YES;
				GCC_WARN_UNINITIALIZED_AUTOS = YES_AGGRESSIVE;
				GCC_WARN_UNUSED_FUNCTION = YES;
				GCC_WARN_UNUSED_VARIABLE = YES;
				MACOSX_DEPLOYMENT_TARGET = 14.0;
				MTL_ENABLE_DEBUG_INFO = INCLUDE_SOURCE;
				MTL_FAST_MATH = YES;
				ONLY_ACTIVE_ARCH = YES;
				PRODUCT_NAME = "$(TARGET_NAME)";
				SDKROOT = macosx;
				SWIFT_ACTIVE_COMPILATION_CONDITIONS = DEBUG;
				SWIFT_OPTIMIZATION_LEVEL = "-Onone";
				SWIFT_VERSION = 5.0;
			};
			name = Debug;
		};
/* End XCBuildConfiguration section */

/* Begin XCConfigurationList section */
		1E2FC7D9BD6FEBF19598D183 /* Build configuration list for PBXNativeTarget "AgentConsole" */ = {
			isa = XCConfigurationList;
			buildConfigurations = (
				86A4289EE874E807B0627A02 /* Debug */,
				828C8D7F49744E87F3E91F65 /* Release */,
			);
			defaultConfigurationIsVisible = 0;
			defaultConfigurationName = Debug;
		};
		F8CC9025E39E399A71516D15 /* Build configuration list for PBXProject "AgentConsole" */ = {
			isa = XCConfigurationList;
			buildConfigurations = (
				CA1F4ED06A944B34DCD521DA /* Debug */,
				57E3308AD853EEB5D81DE1DF /* Release */,
			);
			defaultConfigurationIsVisible = 0;
			defaultConfigurationName = Debug;
		};
		FFF06695E18156361B6288FD /* Build configuration list for PBXNativeTarget "AgentConsoleTests" */ = {
			isa = XCConfigurationList;
			buildConfigurations = (
				334D1ED03CC6F1CAA6983665 /* Debug */,
				12B8A045C1E9A474D9884F00 /* Release */,
			);
			defaultConfigurationIsVisible = 0;
			defaultConfigurationName = Debug;
		};
/* End XCConfigurationList section */

/* Begin XCRemoteSwiftPackageReference section */
		3E1A673A265C78CF58C95448 /* XCRemoteSwiftPackageReference "SwiftTerm" */ = {
			isa = XCRemoteSwiftPackageReference;
			repositoryURL = "https://github.com/migueldeicaza/SwiftTerm.git";
			requirement = {
				kind = exactVersion;
				version = 1.15.0;
			};
		};
/* End XCRemoteSwiftPackageReference section */

/* Begin XCSwiftPackageProductDependency section */
		AA745BE50E739471EC696F0A /* SwiftTerm */ = {
			isa = XCSwiftPackageProductDependency;
			package = 3E1A673A265C78CF58C95448 /* XCRemoteSwiftPackageReference "SwiftTerm" */;
			productName = SwiftTerm;
		};
/* End XCSwiftPackageProductDependency section */
	};
	rootObject = E04C45D70525DF13036A7F9D /* Project object */;
}
