// !$*UTF8*$!
{
	archiveVersion = 1;
	classes = {
	};
	objectVersion = 77;
	objects = {

/* Begin PBXBuildFile section */
		00C6AC1598D2FD88F0CF5CDD /* TerminalHostView.swift in Sources */ = {isa = PBXBuildFile; fileRef = E31E6BD2ECBE42BE1EFFDD00 /* TerminalHostView.swift */; };
		034F2FEC41EB660A56480C8C /* TerminalRelayIOSApp.swift in Sources */ = {isa = PBXBuildFile; fileRef = A69DA6CF7B2592BF444DB18E /* TerminalRelayIOSApp.swift */; };
		040CA3D96665635AD86CD343 /* SessionSlotRegistryTests.swift in Sources */ = {isa = PBXBuildFile; fileRef = 7DC204D99814E9F11DA7D053 /* SessionSlotRegistryTests.swift */; };
		07CE458918D5CC0869DB4BF4 /* TerminalSessionController.swift in Sources */ = {isa = PBXBuildFile; fileRef = 33296AC0DEAC65DE9C252205 /* TerminalSessionController.swift */; };
		082BC076502E8924C6DE81FF /* ProjectStoreTests.swift in Sources */ = {isa = PBXBuildFile; fileRef = C058A6638300575CC7AF0914 /* ProjectStoreTests.swift */; };
		084B8CA06CDB2012759B2CBB /* AgentBrandIcon.swift in Sources */ = {isa = PBXBuildFile; fileRef = 6B5726E0516AF1EBD1B801ED /* AgentBrandIcon.swift */; };
		0A334173723C46E1B0AB789E /* ServerWorkspaceView.swift in Sources */ = {isa = PBXBuildFile; fileRef = EFB8C7DD5FBA09DF4BB4A6EF /* ServerWorkspaceView.swift */; };
		0B69126CE70C815298882288 /* SSHCommandBuilder.swift in Sources */ = {isa = PBXBuildFile; fileRef = 2B8C4489491EF49B7822E03A /* SSHCommandBuilder.swift */; };
		11CC230FC23C4396DE674214 /* WorkerProfileTests.swift in Sources */ = {isa = PBXBuildFile; fileRef = 35F10890C7A7B20CEA93E345 /* WorkerProfileTests.swift */; };
		149A0AA1438A64937313424E /* WorkerProfileStoreTests.swift in Sources */ = {isa = PBXBuildFile; fileRef = BBB07D879D1A8101A648ACE6 /* WorkerProfileStoreTests.swift */; };
		14ADAB4E0A22C6C72C412851 /* ServerProfileTests.swift in Sources */ = {isa = PBXBuildFile; fileRef = AB03758D1CB3A90E9F6492F2 /* ServerProfileTests.swift */; };
		1A6BD750D30624EE0FC8DCFE /* SwiftTerm in Frameworks */ = {isa = PBXBuildFile; productRef = 946BC5F61BD8D63948D993CD /* SwiftTerm */; };
		1B69BD10927990904F26E683 /* WorkerRegistrationTokenAuthorizer.swift in Sources */ = {isa = PBXBuildFile; fileRef = D11B01481FFDEF95AD72D764 /* WorkerRegistrationTokenAuthorizer.swift */; };
		1FA01C33C8C89624D38B7288 /* SessionManager.swift in Sources */ = {isa = PBXBuildFile; fileRef = F4C76B0396E10CAF3945C3EB /* SessionManager.swift */; };
		260C7E8CD25E00B853E63C60 /* ContentView.swift in Sources */ = {isa = PBXBuildFile; fileRef = 865E323F9872A2B96FD0A247 /* ContentView.swift */; };
		2653CA2FF73C430E73EB9F6D /* TerminalRepresentable.swift in Sources */ = {isa = PBXBuildFile; fileRef = 64572D7519667D0D25972D57 /* TerminalRepresentable.swift */; };
		2BF33DB4120A9B8E4639F6A2 /* SessionManagerTests.swift in Sources */ = {isa = PBXBuildFile; fileRef = C873751F82394CA5B3125CE3 /* SessionManagerTests.swift */; };
		354AC532DA7ABB9688F98244 /* ServerProfile.swift in Sources */ = {isa = PBXBuildFile; fileRef = B1A2A3C58843B9F9BBDF0B62 /* ServerProfile.swift */; };
		3F0C3E4D664E8C88BC474F21 /* WorkerMetricsService.swift in Sources */ = {isa = PBXBuildFile; fileRef = C0678D0C9803DB05DEFD31A0 /* WorkerMetricsService.swift */; };
		41518A6B6C29B1CC91B48A43 /* WorkerManagementView.swift in Sources */ = {isa = PBXBuildFile; fileRef = A3B1A41DF226105884B36B97 /* WorkerManagementView.swift */; };
		4CDD21635AE31893E2FBD28C /* WorkerSessionModel.swift in Sources */ = {isa = PBXBuildFile; fileRef = 5064842EB86544CB74E12A08 /* WorkerSessionModel.swift */; };
		4E043EF2DA8AC4358489FE32 /* WorkerRemoteCommand.swift in Sources */ = {isa = PBXBuildFile; fileRef = E1A7640C32046044EFC9BE2E /* WorkerRemoteCommand.swift */; };
		4F01464136D32A3DD20E7ED5 /* WorkerRemoteCommandTests.swift in Sources */ = {isa = PBXBuildFile; fileRef = C960F483C9C9B2DA0E97774D /* WorkerRemoteCommandTests.swift */; };
		4F35926FD66E6ACA4FC3AAB6 /* ProjectProfileTests.swift in Sources */ = {isa = PBXBuildFile; fileRef = CDED8E0950703DD0CEB6F15B /* ProjectProfileTests.swift */; };
		4F7EDC395EECB2A7942F567D /* AgentDefaultsView.swift in Sources */ = {isa = PBXBuildFile; fileRef = 5EC9ECCFD1C5FE64E51E46B2 /* AgentDefaultsView.swift */; };
		57DFC1FA07366333D4D4CE46 /* WorkerProfileStore.swift in Sources */ = {isa = PBXBuildFile; fileRef = 675F9940751324F22144EEB7 /* WorkerProfileStore.swift */; };
		5826EAA6E50EE377AF85D994 /* AgentKind.swift in Sources */ = {isa = PBXBuildFile; fileRef = 95F329024A646D63DF51C026 /* AgentKind.swift */; };
		5A8B4C6996C6AB625EB6DA1A /* SessionSlot.swift in Sources */ = {isa = PBXBuildFile; fileRef = 9CD64E85F20330019303C926 /* SessionSlot.swift */; };
		5FFF07C89F2D695D5506B7CD /* ProjectProfile.swift in Sources */ = {isa = PBXBuildFile; fileRef = 6CFE8C91CC1888C223E4ABCC /* ProjectProfile.swift */; };
		643FB349DC4C4DF21D981030 /* SSHTransport.swift in Sources */ = {isa = PBXBuildFile; fileRef = 00575E9F28F8065673E390D8 /* SSHTransport.swift */; };
		6DC711689B3A23294963F406 /* TerminalRelayApp.swift in Sources */ = {isa = PBXBuildFile; fileRef = 0A02BB8092DDF8AED8C6F603 /* TerminalRelayApp.swift */; };
		6E6A403E6EF7AD583D6EF0A1 /* NIOPosix in Frameworks */ = {isa = PBXBuildFile; productRef = DFCE7DA6948B7424BFC5FCC0 /* NIOPosix */; };
		7176098820B3653E154BB020 /* WorkerMetricsServiceTests.swift in Sources */ = {isa = PBXBuildFile; fileRef = 3E452EE1DE95DB629F3FFB13 /* WorkerMetricsServiceTests.swift */; };
		74E7BBE2E5DE43DB6016A4AB /* WorkerProfile.swift in Sources */ = {isa = PBXBuildFile; fileRef = 564D16B412E4E650C5D4DB1C /* WorkerProfile.swift */; };
		788027947BFEA620BCC4C08A /* TerminalSession.swift in Sources */ = {isa = PBXBuildFile; fileRef = 6F6DC0C9B63E27A8EBF45AAD /* TerminalSession.swift */; };
		792F8E347226F81E6C0264D9 /* AccountUsageService.swift in Sources */ = {isa = PBXBuildFile; fileRef = A102C8E7164EE18CC3FDF9AD /* AccountUsageService.swift */; };
		816110D0FC89354E2968F662 /* AgentLaunchDefaults.swift in Sources */ = {isa = PBXBuildFile; fileRef = C563B44090011E0A80AE65E6 /* AgentLaunchDefaults.swift */; };
		8273E578B2270DE06F2929AD /* AgentKind.swift in Sources */ = {isa = PBXBuildFile; fileRef = 95F329024A646D63DF51C026 /* AgentKind.swift */; };
		8468152A7D1F28988F3C528E /* ProjectStore.swift in Sources */ = {isa = PBXBuildFile; fileRef = 9A9FBF0D79F64B491FF61EA8 /* ProjectStore.swift */; };
		9271FF5CDD1B8FDF00EA1FE6 /* ProjectGitServiceTests.swift in Sources */ = {isa = PBXBuildFile; fileRef = 20DDC4D787D741BAF50C5483 /* ProjectGitServiceTests.swift */; };
		9608B29F68045C58EDBD4960 /* SwiftTerm in Frameworks */ = {isa = PBXBuildFile; productRef = 551DCCFC78D5C88FB7787442 /* SwiftTerm */; };
		9C9080C99E862B01B2501009 /* TerminalScreen.swift in Sources */ = {isa = PBXBuildFile; fileRef = 2812F2F38DC528ED2610ED2A /* TerminalScreen.swift */; };
		A702CB697043025A4D4B62C4 /* GitHubProjectService.swift in Sources */ = {isa = PBXBuildFile; fileRef = BCB0B7C502410EF96FA04410 /* GitHubProjectService.swift */; };
		AAEB19BE832AA82DC18FCAB7 /* AgentLaunchDefaults.swift in Sources */ = {isa = PBXBuildFile; fileRef = C563B44090011E0A80AE65E6 /* AgentLaunchDefaults.swift */; };
		AE9E989F48F3B3EEAF0FC2D4 /* ServerEditorView.swift in Sources */ = {isa = PBXBuildFile; fileRef = BA47F1A31FE07CB12C137C7D /* ServerEditorView.swift */; };
		B0872FC4A9FFC91C233F3D3E /* ProjectEditorView.swift in Sources */ = {isa = PBXBuildFile; fileRef = D0C0296EE9E83451DA6E5434 /* ProjectEditorView.swift */; };
		B1FD3BBC4984CEC8284D7ECA /* SSHCommandBuilderTests.swift in Sources */ = {isa = PBXBuildFile; fileRef = A3294B74FA0B27E0781E76BA /* SSHCommandBuilderTests.swift */; };
		B4C6BDEAD7BD0A7E5A85C161 /* AccountUsageServiceTests.swift in Sources */ = {isa = PBXBuildFile; fileRef = DBCA9937CC101C673C39E7CF /* AccountUsageServiceTests.swift */; };
		B803A5D7F7D9E936A1E7FA5A /* WorkerRegistrationURLTests.swift in Sources */ = {isa = PBXBuildFile; fileRef = 15BC6E4EE2D054D19B80B85F /* WorkerRegistrationURLTests.swift */; };
		BABCEEBB76402ABD7935E7AB /* WorkerSessionState.swift in Sources */ = {isa = PBXBuildFile; fileRef = 798FCEE76EAC4A8B1B69AC6A /* WorkerSessionState.swift */; };
		BBA0E3AFE6FC24D98449C066 /* ProjectListView.swift in Sources */ = {isa = PBXBuildFile; fileRef = F1BE14175A44909F00948D51 /* ProjectListView.swift */; };
		C0E60721BA9E8000D59BE1F0 /* WorkerSessionState.swift in Sources */ = {isa = PBXBuildFile; fileRef = 798FCEE76EAC4A8B1B69AC6A /* WorkerSessionState.swift */; };
		C311EC4FEDD437AEBA03C467 /* AgentKindStyle.swift in Sources */ = {isa = PBXBuildFile; fileRef = F2459D0DFD20B6A437841971 /* AgentKindStyle.swift */; };
		CC8BDB4D65D80A701E9EB31A /* ServerStoreTests.swift in Sources */ = {isa = PBXBuildFile; fileRef = E1107CD200FBE55F0833D63D /* ServerStoreTests.swift */; };
		CF183FC8DC3976616792941B /* WorkerRegistrationURL.swift in Sources */ = {isa = PBXBuildFile; fileRef = 987772567FFFDD8F9CAD8EA8 /* WorkerRegistrationURL.swift */; };
		D1B54B829875C80E2FD689A8 /* RootView.swift in Sources */ = {isa = PBXBuildFile; fileRef = FF68598718838E8064DF0C45 /* RootView.swift */; };
		D5918837D827D1F3EDB62E20 /* WorkerSessionService.swift in Sources */ = {isa = PBXBuildFile; fileRef = 3B7E5B66FDAB3A827D6F0497 /* WorkerSessionService.swift */; };
		DB51FE1BE21320B0B25FEA1F /* RelayTerminalView.swift in Sources */ = {isa = PBXBuildFile; fileRef = 4A206B67C5A2B0B64D46F4A2 /* RelayTerminalView.swift */; };
		DC092AA9C4E650C702FC9302 /* GitHubProjectServiceTests.swift in Sources */ = {isa = PBXBuildFile; fileRef = 724443C3BB207BBC277FD61F /* GitHubProjectServiceTests.swift */; };
		DD71EA669E852F56F706350A /* NIOSSH in Frameworks */ = {isa = PBXBuildFile; productRef = F84A3895C2FC520F8439BD76 /* NIOSSH */; };
		E0351DAD70326C8BCC2E65BB /* WorkerOnboardingView.swift in Sources */ = {isa = PBXBuildFile; fileRef = 7B4D5435F1D7D297F5428E90 /* WorkerOnboardingView.swift */; };
		E19779BE58107E4982DD2A36 /* NIOCore in Frameworks */ = {isa = PBXBuildFile; productRef = F32C79F970286E89465B464A /* NIOCore */; };
		E2ADDC0EA215EBD53200AD46 /* SSHIdentityStore.swift in Sources */ = {isa = PBXBuildFile; fileRef = 0E0A0111A5E62BD133D1B1D8 /* SSHIdentityStore.swift */; };
		E3E4645D18A532417C160831 /* Assets.xcassets in Resources */ = {isa = PBXBuildFile; fileRef = 86CC14D081ABBDBDC564291F /* Assets.xcassets */; };
		EA0CEC01562388C25B86A9B1 /* WorkerSessionStateTests.swift in Sources */ = {isa = PBXBuildFile; fileRef = 1C681D55FCC5367DD2051E01 /* WorkerSessionStateTests.swift */; };
		F4A28A72A125021D2239CBA1 /* ProjectGitService.swift in Sources */ = {isa = PBXBuildFile; fileRef = E162AC5ABBC627C51BD1D70A /* ProjectGitService.swift */; };
		F6693B26956A1182277D3400 /* WorkerSessionServiceTests.swift in Sources */ = {isa = PBXBuildFile; fileRef = 7BA492BA581F2C2B0C2AF051 /* WorkerSessionServiceTests.swift */; };
		FB4A6F2362CE2E84DD4A957D /* ServerStore.swift in Sources */ = {isa = PBXBuildFile; fileRef = 93E0F148244B4D209F63EB35 /* ServerStore.swift */; };
/* End PBXBuildFile section */

/* Begin PBXContainerItemProxy section */
		AE58D8DEE0CC54DB59DC4E26 /* PBXContainerItemProxy */ = {
			isa = PBXContainerItemProxy;
			containerPortal = 5B2609543A6B71530C75AFFE /* Project object */;
			proxyType = 1;
			remoteGlobalIDString = 06241A6EBADB09447CB9555B;
			remoteInfo = TerminalRelay;
		};
		D2495ACCB2A3F0EC4F0C0D55 /* PBXContainerItemProxy */ = {
			isa = PBXContainerItemProxy;
			containerPortal = 5B2609543A6B71530C75AFFE /* Project object */;
			proxyType = 1;
			remoteGlobalIDString = 519A1826C600DA236986F8D4;
			remoteInfo = TerminalRelayIOS;
		};
/* End PBXContainerItemProxy section */

/* Begin PBXFileReference section */
		00575E9F28F8065673E390D8 /* SSHTransport.swift */ = {isa = PBXFileReference; lastKnownFileType = sourcecode.swift; path = SSHTransport.swift; sourceTree = "<group>"; };
		0A02BB8092DDF8AED8C6F603 /* TerminalRelayApp.swift */ = {isa = PBXFileReference; lastKnownFileType = sourcecode.swift; path = TerminalRelayApp.swift; sourceTree = "<group>"; };
		0E0A0111A5E62BD133D1B1D8 /* SSHIdentityStore.swift */ = {isa = PBXFileReference; lastKnownFileType = sourcecode.swift; path = SSHIdentityStore.swift; sourceTree = "<group>"; };
		15BC6E4EE2D054D19B80B85F /* WorkerRegistrationURLTests.swift */ = {isa = PBXFileReference; lastKnownFileType = sourcecode.swift; path = WorkerRegistrationURLTests.swift; sourceTree = "<group>"; };
		1C681D55FCC5367DD2051E01 /* WorkerSessionStateTests.swift */ = {isa = PBXFileReference; lastKnownFileType = sourcecode.swift; path = WorkerSessionStateTests.swift; sourceTree = "<group>"; };
		20DDC4D787D741BAF50C5483 /* ProjectGitServiceTests.swift */ = {isa = PBXFileReference; lastKnownFileType = sourcecode.swift; path = ProjectGitServiceTests.swift; sourceTree = "<group>"; };
		2610AB4602CAB8F3FEC9FB1A /* TerminalRelayTests.xctest */ = {isa = PBXFileReference; explicitFileType = wrapper.cfbundle; includeInIndex = 0; path = TerminalRelayTests.xctest; sourceTree = BUILT_PRODUCTS_DIR; };
		2812F2F38DC528ED2610ED2A /* TerminalScreen.swift */ = {isa = PBXFileReference; lastKnownFileType = sourcecode.swift; path = TerminalScreen.swift; sourceTree = "<group>"; };
		2B8C4489491EF49B7822E03A /* SSHCommandBuilder.swift */ = {isa = PBXFileReference; lastKnownFileType = sourcecode.swift; path = SSHCommandBuilder.swift; sourceTree = "<group>"; };
		33296AC0DEAC65DE9C252205 /* TerminalSessionController.swift */ = {isa = PBXFileReference; lastKnownFileType = sourcecode.swift; path = TerminalSessionController.swift; sourceTree = "<group>"; };
		35F10890C7A7B20CEA93E345 /* WorkerProfileTests.swift */ = {isa = PBXFileReference; lastKnownFileType = sourcecode.swift; path = WorkerProfileTests.swift; sourceTree = "<group>"; };
		3B7E5B66FDAB3A827D6F0497 /* WorkerSessionService.swift */ = {isa = PBXFileReference; lastKnownFileType = sourcecode.swift; path = WorkerSessionService.swift; sourceTree = "<group>"; };
		3E452EE1DE95DB629F3FFB13 /* WorkerMetricsServiceTests.swift */ = {isa = PBXFileReference; lastKnownFileType = sourcecode.swift; path = WorkerMetricsServiceTests.swift; sourceTree = "<group>"; };
		4A206B67C5A2B0B64D46F4A2 /* RelayTerminalView.swift */ = {isa = PBXFileReference; lastKnownFileType = sourcecode.swift; path = RelayTerminalView.swift; sourceTree = "<group>"; };
		5064842EB86544CB74E12A08 /* WorkerSessionModel.swift */ = {isa = PBXFileReference; lastKnownFileType = sourcecode.swift; path = WorkerSessionModel.swift; sourceTree = "<group>"; };
		564D16B412E4E650C5D4DB1C /* WorkerProfile.swift */ = {isa = PBXFileReference; lastKnownFileType = sourcecode.swift; path = WorkerProfile.swift; sourceTree = "<group>"; };
		5D234BB37623139880A1137F /* TerminalRelayIOS.app */ = {isa = PBXFileReference; includeInIndex = 0; lastKnownFileType = wrapper.application; path = TerminalRelayIOS.app; sourceTree = BUILT_PRODUCTS_DIR; };
		5EC9ECCFD1C5FE64E51E46B2 /* AgentDefaultsView.swift */ = {isa = PBXFileReference; lastKnownFileType = sourcecode.swift; path = AgentDefaultsView.swift; sourceTree = "<group>"; };
		64572D7519667D0D25972D57 /* TerminalRepresentable.swift */ = {isa = PBXFileReference; lastKnownFileType = sourcecode.swift; path = TerminalRepresentable.swift; sourceTree = "<group>"; };
		675F9940751324F22144EEB7 /* WorkerProfileStore.swift */ = {isa = PBXFileReference; lastKnownFileType = sourcecode.swift; path = WorkerProfileStore.swift; sourceTree = "<group>"; };
		6B5726E0516AF1EBD1B801ED /* AgentBrandIcon.swift */ = {isa = PBXFileReference; lastKnownFileType = sourcecode.swift; path = AgentBrandIcon.swift; sourceTree = "<group>"; };
		6CFE8C91CC1888C223E4ABCC /* ProjectProfile.swift */ = {isa = PBXFileReference; lastKnownFileType = sourcecode.swift; path = ProjectProfile.swift; sourceTree = "<group>"; };
		6F6DC0C9B63E27A8EBF45AAD /* TerminalSession.swift */ = {isa = PBXFileReference; lastKnownFileType = sourcecode.swift; path = TerminalSession.swift; sourceTree = "<group>"; };
		724443C3BB207BBC277FD61F /* GitHubProjectServiceTests.swift */ = {isa = PBXFileReference; lastKnownFileType = sourcecode.swift; path = GitHubProjectServiceTests.swift; sourceTree = "<group>"; };
		798FCEE76EAC4A8B1B69AC6A /* WorkerSessionState.swift */ = {isa = PBXFileReference; lastKnownFileType = sourcecode.swift; path = WorkerSessionState.swift; sourceTree = "<group>"; };
		7B4D5435F1D7D297F5428E90 /* WorkerOnboardingView.swift */ = {isa = PBXFileReference; lastKnownFileType = sourcecode.swift; path = WorkerOnboardingView.swift; sourceTree = "<group>"; };
		7BA492BA581F2C2B0C2AF051 /* WorkerSessionServiceTests.swift */ = {isa = PBXFileReference; lastKnownFileType = sourcecode.swift; path = WorkerSessionServiceTests.swift; sourceTree = "<group>"; };
		7DC204D99814E9F11DA7D053 /* SessionSlotRegistryTests.swift */ = {isa = PBXFileReference; lastKnownFileType = sourcecode.swift; path = SessionSlotRegistryTests.swift; sourceTree = "<group>"; };
		865E323F9872A2B96FD0A247 /* ContentView.swift */ = {isa = PBXFileReference; lastKnownFileType = sourcecode.swift; path = ContentView.swift; sourceTree = "<group>"; };
		86CC14D081ABBDBDC564291F /* Assets.xcassets */ = {isa = PBXFileReference; lastKnownFileType = folder.assetcatalog; path = Assets.xcassets; sourceTree = "<group>"; };
		93E0F148244B4D209F63EB35 /* ServerStore.swift */ = {isa = PBXFileReference; lastKnownFileType = sourcecode.swift; path = ServerStore.swift; sourceTree = "<group>"; };
		95F329024A646D63DF51C026 /* AgentKind.swift */ = {isa = PBXFileReference; lastKnownFileType = sourcecode.swift; path = AgentKind.swift; sourceTree = "<group>"; };
		97DEABBF57F733EA24665AE8 /* Info.plist */ = {isa = PBXFileReference; lastKnownFileType = text.plist; path = Info.plist; sourceTree = "<group>"; };
		987772567FFFDD8F9CAD8EA8 /* WorkerRegistrationURL.swift */ = {isa = PBXFileReference; lastKnownFileType = sourcecode.swift; path = WorkerRegistrationURL.swift; sourceTree = "<group>"; };
		9A9FBF0D79F64B491FF61EA8 /* ProjectStore.swift */ = {isa = PBXFileReference; lastKnownFileType = sourcecode.swift; path = ProjectStore.swift; sourceTree = "<group>"; };
		9CD64E85F20330019303C926 /* SessionSlot.swift */ = {isa = PBXFileReference; lastKnownFileType = sourcecode.swift; path = SessionSlot.swift; sourceTree = "<group>"; };
		A102C8E7164EE18CC3FDF9AD /* AccountUsageService.swift */ = {isa = PBXFileReference; lastKnownFileType = sourcecode.swift; path = AccountUsageService.swift; sourceTree = "<group>"; };
		A3294B74FA0B27E0781E76BA /* SSHCommandBuilderTests.swift */ = {isa = PBXFileReference; lastKnownFileType = sourcecode.swift; path = SSHCommandBuilderTests.swift; sourceTree = "<group>"; };
		A3B1A41DF226105884B36B97 /* WorkerManagementView.swift */ = {isa = PBXFileReference; lastKnownFileType = sourcecode.swift; path = WorkerManagementView.swift; sourceTree = "<group>"; };
		A69DA6CF7B2592BF444DB18E /* TerminalRelayIOSApp.swift */ = {isa = PBXFileReference; lastKnownFileType = sourcecode.swift; path = TerminalRelayIOSApp.swift; sourceTree = "<group>"; };
		AB03758D1CB3A90E9F6492F2 /* ServerProfileTests.swift */ = {isa = PBXFileReference; lastKnownFileType = sourcecode.swift; path = ServerProfileTests.swift; sourceTree = "<group>"; };
		B1A2A3C58843B9F9BBDF0B62 /* ServerProfile.swift */ = {isa = PBXFileReference; lastKnownFileType = sourcecode.swift; path = ServerProfile.swift; sourceTree = "<group>"; };
		BA47F1A31FE07CB12C137C7D /* ServerEditorView.swift */ = {isa = PBXFileReference; lastKnownFileType = sourcecode.swift; path = ServerEditorView.swift; sourceTree = "<group>"; };
		BBB07D879D1A8101A648ACE6 /* WorkerProfileStoreTests.swift */ = {isa = PBXFileReference; lastKnownFileType = sourcecode.swift; path = WorkerProfileStoreTests.swift; sourceTree = "<group>"; };
		BCB0B7C502410EF96FA04410 /* GitHubProjectService.swift */ = {isa = PBXFileReference; lastKnownFileType = sourcecode.swift; path = GitHubProjectService.swift; sourceTree = "<group>"; };
		C058A6638300575CC7AF0914 /* ProjectStoreTests.swift */ = {isa = PBXFileReference; lastKnownFileType = sourcecode.swift; path = ProjectStoreTests.swift; sourceTree = "<group>"; };
		C0678D0C9803DB05DEFD31A0 /* WorkerMetricsService.swift */ = {isa = PBXFileReference; lastKnownFileType = sourcecode.swift; path = WorkerMetricsService.swift; sourceTree = "<group>"; };
		C563B44090011E0A80AE65E6 /* AgentLaunchDefaults.swift */ = {isa = PBXFileReference; lastKnownFileType = sourcecode.swift; path = AgentLaunchDefaults.swift; sourceTree = "<group>"; };
		C873751F82394CA5B3125CE3 /* SessionManagerTests.swift */ = {isa = PBXFileReference; lastKnownFileType = sourcecode.swift; path = SessionManagerTests.swift; sourceTree = "<group>"; };
		C960F483C9C9B2DA0E97774D /* WorkerRemoteCommandTests.swift */ = {isa = PBXFileReference; lastKnownFileType = sourcecode.swift; path = WorkerRemoteCommandTests.swift; sourceTree = "<group>"; };
		CBB3BF44468D527C634FE65A /* TerminalRelay.app */ = {isa = PBXFileReference; explicitFileType = wrapper.application; includeInIndex = 0; path = TerminalRelay.app; sourceTree = BUILT_PRODUCTS_DIR; };
		CDED8E0950703DD0CEB6F15B /* ProjectProfileTests.swift */ = {isa = PBXFileReference; lastKnownFileType = sourcecode.swift; path = ProjectProfileTests.swift; sourceTree = "<group>"; };
		CE41CB9D4FEF27A7497D439B /* TerminalRelayIOSTests.xctest */ = {isa = PBXFileReference; includeInIndex = 0; lastKnownFileType = wrapper.cfbundle; path = TerminalRelayIOSTests.xctest; sourceTree = BUILT_PRODUCTS_DIR; };
		D0C0296EE9E83451DA6E5434 /* ProjectEditorView.swift */ = {isa = PBXFileReference; lastKnownFileType = sourcecode.swift; path = ProjectEditorView.swift; sourceTree = "<group>"; };
		D11B01481FFDEF95AD72D764 /* WorkerRegistrationTokenAuthorizer.swift */ = {isa = PBXFileReference; lastKnownFileType = sourcecode.swift; path = WorkerRegistrationTokenAuthorizer.swift; sourceTree = "<group>"; };
		DBCA9937CC101C673C39E7CF /* AccountUsageServiceTests.swift */ = {isa = PBXFileReference; lastKnownFileType = sourcecode.swift; path = AccountUsageServiceTests.swift; sourceTree = "<group>"; };
		E1107CD200FBE55F0833D63D /* ServerStoreTests.swift */ = {isa = PBXFileReference; lastKnownFileType = sourcecode.swift; path = ServerStoreTests.swift; sourceTree = "<group>"; };
		E162AC5ABBC627C51BD1D70A /* ProjectGitService.swift */ = {isa = PBXFileReference; lastKnownFileType = sourcecode.swift; path = ProjectGitService.swift; sourceTree = "<group>"; };
		E1A7640C32046044EFC9BE2E /* WorkerRemoteCommand.swift */ = {isa = PBXFileReference; lastKnownFileType = sourcecode.swift; path = WorkerRemoteCommand.swift; sourceTree = "<group>"; };
		E31E6BD2ECBE42BE1EFFDD00 /* TerminalHostView.swift */ = {isa = PBXFileReference; lastKnownFileType = sourcecode.swift; path = TerminalHostView.swift; sourceTree = "<group>"; };
		EFB8C7DD5FBA09DF4BB4A6EF /* ServerWorkspaceView.swift */ = {isa = PBXFileReference; lastKnownFileType = sourcecode.swift; path = ServerWorkspaceView.swift; sourceTree = "<group>"; };
		F1BE14175A44909F00948D51 /* ProjectListView.swift */ = {isa = PBXFileReference; lastKnownFileType = sourcecode.swift; path = ProjectListView.swift; sourceTree = "<group>"; };
		F2459D0DFD20B6A437841971 /* AgentKindStyle.swift */ = {isa = PBXFileReference; lastKnownFileType = sourcecode.swift; path = AgentKindStyle.swift; sourceTree = "<group>"; };
		F4C76B0396E10CAF3945C3EB /* SessionManager.swift */ = {isa = PBXFileReference; lastKnownFileType = sourcecode.swift; path = SessionManager.swift; sourceTree = "<group>"; };
		FF68598718838E8064DF0C45 /* RootView.swift */ = {isa = PBXFileReference; lastKnownFileType = sourcecode.swift; path = RootView.swift; sourceTree = "<group>"; };
/* End PBXFileReference section */

/* Begin PBXFrameworksBuildPhase section */
		26457B8E41DCC46F341D655E /* Frameworks */ = {
			isa = PBXFrameworksBuildPhase;
			buildActionMask = 2147483647;
			files = (
				9608B29F68045C58EDBD4960 /* SwiftTerm in Frameworks */,
				DD71EA669E852F56F706350A /* NIOSSH in Frameworks */,
				E19779BE58107E4982DD2A36 /* NIOCore in Frameworks */,
				6E6A403E6EF7AD583D6EF0A1 /* NIOPosix in Frameworks */,
			);
			runOnlyForDeploymentPostprocessing = 0;
		};
		9A578BF13C6847DE5290DF10 /* Frameworks */ = {
			isa = PBXFrameworksBuildPhase;
			buildActionMask = 2147483647;
			files = (
				1A6BD750D30624EE0FC8DCFE /* SwiftTerm in Frameworks */,
			);
			runOnlyForDeploymentPostprocessing = 0;
		};
/* End PBXFrameworksBuildPhase section */

/* Begin PBXGroup section */
		0382C3CEBBF1AB6ED0C6C846 /* Products */ = {
			isa = PBXGroup;
			children = (
				CBB3BF44468D527C634FE65A /* TerminalRelay.app */,
				5D234BB37623139880A1137F /* TerminalRelayIOS.app */,
				CE41CB9D4FEF27A7497D439B /* TerminalRelayIOSTests.xctest */,
				2610AB4602CAB8F3FEC9FB1A /* TerminalRelayTests.xctest */,
			);
			name = Products;
			sourceTree = "<group>";
		};
		077285E84CD5C9B2FE05DB99 /* Terminal */ = {
			isa = PBXGroup;
			children = (
				4A206B67C5A2B0B64D46F4A2 /* RelayTerminalView.swift */,
				64572D7519667D0D25972D57 /* TerminalRepresentable.swift */,
				33296AC0DEAC65DE9C252205 /* TerminalSessionController.swift */,
			);
			path = Terminal;
			sourceTree = "<group>";
		};
		0A7260A2DDF3143904B16831 /* TerminalRelayTests */ = {
			isa = PBXGroup;
			children = (
				DBCA9937CC101C673C39E7CF /* AccountUsageServiceTests.swift */,
				724443C3BB207BBC277FD61F /* GitHubProjectServiceTests.swift */,
				20DDC4D787D741BAF50C5483 /* ProjectGitServiceTests.swift */,
				CDED8E0950703DD0CEB6F15B /* ProjectProfileTests.swift */,
				C058A6638300575CC7AF0914 /* ProjectStoreTests.swift */,
				AB03758D1CB3A90E9F6492F2 /* ServerProfileTests.swift */,
				E1107CD200FBE55F0833D63D /* ServerStoreTests.swift */,
				C873751F82394CA5B3125CE3 /* SessionManagerTests.swift */,
				7DC204D99814E9F11DA7D053 /* SessionSlotRegistryTests.swift */,
				A3294B74FA0B27E0781E76BA /* SSHCommandBuilderTests.swift */,
				3E452EE1DE95DB629F3FFB13 /* WorkerMetricsServiceTests.swift */,
				15BC6E4EE2D054D19B80B85F /* WorkerRegistrationURLTests.swift */,
				7BA492BA581F2C2B0C2AF051 /* WorkerSessionServiceTests.swift */,
				1C681D55FCC5367DD2051E01 /* WorkerSessionStateTests.swift */,
			);
			path = TerminalRelayTests;
			sourceTree = "<group>";
		};
		26148FB26C95BCDAEEF01846 /* Services */ = {
			isa = PBXGroup;
			children = (
				A102C8E7164EE18CC3FDF9AD /* AccountUsageService.swift */,
				BCB0B7C502410EF96FA04410 /* GitHubProjectService.swift */,
				E162AC5ABBC627C51BD1D70A /* ProjectGitService.swift */,
				9A9FBF0D79F64B491FF61EA8 /* ProjectStore.swift */,
				93E0F148244B4D209F63EB35 /* ServerStore.swift */,
				2B8C4489491EF49B7822E03A /* SSHCommandBuilder.swift */,
				C0678D0C9803DB05DEFD31A0 /* WorkerMetricsService.swift */,
				D11B01481FFDEF95AD72D764 /* WorkerRegistrationTokenAuthorizer.swift */,
				987772567FFFDD8F9CAD8EA8 /* WorkerRegistrationURL.swift */,
				3B7E5B66FDAB3A827D6F0497 /* WorkerSessionService.swift */,
			);
			path = Services;
			sourceTree = "<group>";
		};
		4F34460357EBB525927648BD /* Services */ = {
			isa = PBXGroup;
			children = (
				0E0A0111A5E62BD133D1B1D8 /* SSHIdentityStore.swift */,
				00575E9F28F8065673E390D8 /* SSHTransport.swift */,
				675F9940751324F22144EEB7 /* WorkerProfileStore.swift */,
				E1A7640C32046044EFC9BE2E /* WorkerRemoteCommand.swift */,
			);
			path = Services;
			sourceTree = "<group>";
		};
		527F5B34231262FB3C2B494D /* TerminalRelayIOS */ = {
			isa = PBXGroup;
			children = (
				939436E54A5B69766421376B /* App */,
				FBDE745F9CA1FC7C92990705 /* Models */,
				4F34460357EBB525927648BD /* Services */,
				077285E84CD5C9B2FE05DB99 /* Terminal */,
				BD277CC5C3E8708191E8EAC2 /* Views */,
			);
			path = TerminalRelayIOS;
			sourceTree = "<group>";
		};
		586AC571CA6720ED167DB5EF /* Views */ = {
			isa = PBXGroup;
			children = (
				6B5726E0516AF1EBD1B801ED /* AgentBrandIcon.swift */,
				5EC9ECCFD1C5FE64E51E46B2 /* AgentDefaultsView.swift */,
				F2459D0DFD20B6A437841971 /* AgentKindStyle.swift */,
				865E323F9872A2B96FD0A247 /* ContentView.swift */,
				D0C0296EE9E83451DA6E5434 /* ProjectEditorView.swift */,
				BA47F1A31FE07CB12C137C7D /* ServerEditorView.swift */,
				EFB8C7DD5FBA09DF4BB4A6EF /* ServerWorkspaceView.swift */,
				E31E6BD2ECBE42BE1EFFDD00 /* TerminalHostView.swift */,
				A3B1A41DF226105884B36B97 /* WorkerManagementView.swift */,
			);
			path = Views;
			sourceTree = "<group>";
		};
		66151CAC5120F7D5E7974AC8 /* Sessions */ = {
			isa = PBXGroup;
			children = (
				F4C76B0396E10CAF3945C3EB /* SessionManager.swift */,
				6F6DC0C9B63E27A8EBF45AAD /* TerminalSession.swift */,
			);
			path = Sessions;
			sourceTree = "<group>";
		};
		939436E54A5B69766421376B /* App */ = {
			isa = PBXGroup;
			children = (
				A69DA6CF7B2592BF444DB18E /* TerminalRelayIOSApp.swift */,
				5064842EB86544CB74E12A08 /* WorkerSessionModel.swift */,
			);
			path = App;
			sourceTree = "<group>";
		};
		ACA96F67DC5FB8F90277471D /* TerminalRelayIOSTests */ = {
			isa = PBXGroup;
			children = (
				BBB07D879D1A8101A648ACE6 /* WorkerProfileStoreTests.swift */,
				35F10890C7A7B20CEA93E345 /* WorkerProfileTests.swift */,
				C960F483C9C9B2DA0E97774D /* WorkerRemoteCommandTests.swift */,
			);
			path = TerminalRelayIOSTests;
			sourceTree = "<group>";
		};
		BD277CC5C3E8708191E8EAC2 /* Views */ = {
			isa = PBXGroup;
			children = (
				F1BE14175A44909F00948D51 /* ProjectListView.swift */,
				FF68598718838E8064DF0C45 /* RootView.swift */,
				2812F2F38DC528ED2610ED2A /* TerminalScreen.swift */,
				7B4D5435F1D7D297F5428E90 /* WorkerOnboardingView.swift */,
			);
			path = Views;
			sourceTree = "<group>";
		};
		C438E632ADAA6EDB1B405798 /* TerminalRelay */ = {
			isa = PBXGroup;
			children = (
				86CC14D081ABBDBDC564291F /* Assets.xcassets */,
				97DEABBF57F733EA24665AE8 /* Info.plist */,
				0A02BB8092DDF8AED8C6F603 /* TerminalRelayApp.swift */,
				D87781E3C80903DEE64C46E7 /* Models */,
				26148FB26C95BCDAEEF01846 /* Services */,
				66151CAC5120F7D5E7974AC8 /* Sessions */,
				586AC571CA6720ED167DB5EF /* Views */,
			);
			path = TerminalRelay;
			sourceTree = "<group>";
		};
		D87781E3C80903DEE64C46E7 /* Models */ = {
			isa = PBXGroup;
			children = (
				95F329024A646D63DF51C026 /* AgentKind.swift */,
				C563B44090011E0A80AE65E6 /* AgentLaunchDefaults.swift */,
				6CFE8C91CC1888C223E4ABCC /* ProjectProfile.swift */,
				B1A2A3C58843B9F9BBDF0B62 /* ServerProfile.swift */,
				9CD64E85F20330019303C926 /* SessionSlot.swift */,
				798FCEE76EAC4A8B1B69AC6A /* WorkerSessionState.swift */,
			);
			path = Models;
			sourceTree = "<group>";
		};
		EC94D613FE21645D62E674A8 = {
			isa = PBXGroup;
			children = (
				C438E632ADAA6EDB1B405798 /* TerminalRelay */,
				527F5B34231262FB3C2B494D /* TerminalRelayIOS */,
				ACA96F67DC5FB8F90277471D /* TerminalRelayIOSTests */,
				0A7260A2DDF3143904B16831 /* TerminalRelayTests */,
				0382C3CEBBF1AB6ED0C6C846 /* Products */,
			);
			sourceTree = "<group>";
		};
		FBDE745F9CA1FC7C92990705 /* Models */ = {
			isa = PBXGroup;
			children = (
				564D16B412E4E650C5D4DB1C /* WorkerProfile.swift */,
			);
			path = Models;
			sourceTree = "<group>";
		};
/* End PBXGroup section */

/* Begin PBXNativeTarget section */
		06241A6EBADB09447CB9555B /* TerminalRelay */ = {
			isa = PBXNativeTarget;
			buildConfigurationList = 232AE91B956DD0064854432A /* Build configuration list for PBXNativeTarget "TerminalRelay" */;
			buildPhases = (
				05C591111CC7E88DB3819CD8 /* Sources */,
				3BF5CDD8BD22E47EAF924D90 /* Resources */,
				9A578BF13C6847DE5290DF10 /* Frameworks */,
			);
			buildRules = (
			);
			dependencies = (
			);
			name = TerminalRelay;
			packageProductDependencies = (
				946BC5F61BD8D63948D993CD /* SwiftTerm */,
			);
			productName = TerminalRelay;
			productReference = CBB3BF44468D527C634FE65A /* TerminalRelay.app */;
			productType = "com.apple.product-type.application";
		};
		519A1826C600DA236986F8D4 /* TerminalRelayIOS */ = {
			isa = PBXNativeTarget;
			buildConfigurationList = 16D33051CB2222D395074175 /* Build configuration list for PBXNativeTarget "TerminalRelayIOS" */;
			buildPhases = (
				563A79A20CA7D357A0845464 /* Sources */,
				26457B8E41DCC46F341D655E /* Frameworks */,
			);
			buildRules = (
			);
			dependencies = (
			);
			name = TerminalRelayIOS;
			packageProductDependencies = (
				551DCCFC78D5C88FB7787442 /* SwiftTerm */,
				F84A3895C2FC520F8439BD76 /* NIOSSH */,
				F32C79F970286E89465B464A /* NIOCore */,
				DFCE7DA6948B7424BFC5FCC0 /* NIOPosix */,
			);
			productName = TerminalRelayIOS;
			productReference = 5D234BB37623139880A1137F /* TerminalRelayIOS.app */;
			productType = "com.apple.product-type.application";
		};
		851AE0990D7B20ED5CB82BBA /* TerminalRelayIOSTests */ = {
			isa = PBXNativeTarget;
			buildConfigurationList = D0D20ABE31286093743979BD /* Build configuration list for PBXNativeTarget "TerminalRelayIOSTests" */;
			buildPhases = (
				FF0243E5DAB235D252304B42 /* Sources */,
			);
			buildRules = (
			);
			dependencies = (
				42D57465B353802AFA765F02 /* PBXTargetDependency */,
			);
			name = TerminalRelayIOSTests;
			packageProductDependencies = (
			);
			productName = TerminalRelayIOSTests;
			productReference = CE41CB9D4FEF27A7497D439B /* TerminalRelayIOSTests.xctest */;
			productType = "com.apple.product-type.bundle.unit-test";
		};
		F358B45827DD93D8A05631EE /* TerminalRelayTests */ = {
			isa = PBXNativeTarget;
			buildConfigurationList = FE32867D4681E4BECC564965 /* Build configuration list for PBXNativeTarget "TerminalRelayTests" */;
			buildPhases = (
				94719D53AEAEB48C8C9441D1 /* Sources */,
			);
			buildRules = (
			);
			dependencies = (
				004F42261AD7F3A4E96E8619 /* PBXTargetDependency */,
			);
			name = TerminalRelayTests;
			packageProductDependencies = (
			);
			productName = TerminalRelayTests;
			productReference = 2610AB4602CAB8F3FEC9FB1A /* TerminalRelayTests.xctest */;
			productType = "com.apple.product-type.bundle.unit-test";
		};
/* End PBXNativeTarget section */

/* Begin PBXProject section */
		5B2609543A6B71530C75AFFE /* Project object */ = {
			isa = PBXProject;
			attributes = {
				BuildIndependentTargetsInParallel = YES;
				LastUpgradeCheck = 1430;
				TargetAttributes = {
					06241A6EBADB09447CB9555B = {
						ProvisioningStyle = Automatic;
					};
					519A1826C600DA236986F8D4 = {
						ProvisioningStyle = Automatic;
					};
				};
			};
			buildConfigurationList = 260BCA42D75A9AF553C34919 /* Build configuration list for PBXProject "TerminalRelay" */;
			developmentRegion = en;
			hasScannedForEncodings = 0;
			knownRegions = (
				Base,
				en,
			);
			mainGroup = EC94D613FE21645D62E674A8;
			minimizedProjectReferenceProxies = 1;
			packageReferences = (
				D3F8B2E4A6229982352404BF /* XCRemoteSwiftPackageReference "swift-nio-ssh" */,
				E9A74B734AD516D0A2095D36 /* XCRemoteSwiftPackageReference "swift-nio" */,
				0686AA42F00E57D91969C401 /* XCRemoteSwiftPackageReference "SwiftTerm" */,
			);
			preferredProjectObjectVersion = 77;
			productRefGroup = 0382C3CEBBF1AB6ED0C6C846 /* Products */;
			projectDirPath = "";
			projectRoot = "";
			targets = (
				06241A6EBADB09447CB9555B /* TerminalRelay */,
				519A1826C600DA236986F8D4 /* TerminalRelayIOS */,
				851AE0990D7B20ED5CB82BBA /* TerminalRelayIOSTests */,
				F358B45827DD93D8A05631EE /* TerminalRelayTests */,
			);
		};
/* End PBXProject section */

/* Begin PBXResourcesBuildPhase section */
		3BF5CDD8BD22E47EAF924D90 /* Resources */ = {
			isa = PBXResourcesBuildPhase;
			buildActionMask = 2147483647;
			files = (
				E3E4645D18A532417C160831 /* Assets.xcassets in Resources */,
			);
			runOnlyForDeploymentPostprocessing = 0;
		};
/* End PBXResourcesBuildPhase section */

/* Begin PBXSourcesBuildPhase section */
		05C591111CC7E88DB3819CD8 /* Sources */ = {
			isa = PBXSourcesBuildPhase;
			buildActionMask = 2147483647;
			files = (
				792F8E347226F81E6C0264D9 /* AccountUsageService.swift in Sources */,
				084B8CA06CDB2012759B2CBB /* AgentBrandIcon.swift in Sources */,
				4F7EDC395EECB2A7942F567D /* AgentDefaultsView.swift in Sources */,
				5826EAA6E50EE377AF85D994 /* AgentKind.swift in Sources */,
				C311EC4FEDD437AEBA03C467 /* AgentKindStyle.swift in Sources */,
				816110D0FC89354E2968F662 /* AgentLaunchDefaults.swift in Sources */,
				260C7E8CD25E00B853E63C60 /* ContentView.swift in Sources */,
				A702CB697043025A4D4B62C4 /* GitHubProjectService.swift in Sources */,
				B0872FC4A9FFC91C233F3D3E /* ProjectEditorView.swift in Sources */,
				F4A28A72A125021D2239CBA1 /* ProjectGitService.swift in Sources */,
				5FFF07C89F2D695D5506B7CD /* ProjectProfile.swift in Sources */,
				8468152A7D1F28988F3C528E /* ProjectStore.swift in Sources */,
				0B69126CE70C815298882288 /* SSHCommandBuilder.swift in Sources */,
				AE9E989F48F3B3EEAF0FC2D4 /* ServerEditorView.swift in Sources */,
				354AC532DA7ABB9688F98244 /* ServerProfile.swift in Sources */,
				FB4A6F2362CE2E84DD4A957D /* ServerStore.swift in Sources */,
				0A334173723C46E1B0AB789E /* ServerWorkspaceView.swift in Sources */,
				1FA01C33C8C89624D38B7288 /* SessionManager.swift in Sources */,
				5A8B4C6996C6AB625EB6DA1A /* SessionSlot.swift in Sources */,
				00C6AC1598D2FD88F0CF5CDD /* TerminalHostView.swift in Sources */,
				6DC711689B3A23294963F406 /* TerminalRelayApp.swift in Sources */,
				788027947BFEA620BCC4C08A /* TerminalSession.swift in Sources */,
				41518A6B6C29B1CC91B48A43 /* WorkerManagementView.swift in Sources */,
				3F0C3E4D664E8C88BC474F21 /* WorkerMetricsService.swift in Sources */,
				1B69BD10927990904F26E683 /* WorkerRegistrationTokenAuthorizer.swift in Sources */,
				CF183FC8DC3976616792941B /* WorkerRegistrationURL.swift in Sources */,
				D5918837D827D1F3EDB62E20 /* WorkerSessionService.swift in Sources */,
				BABCEEBB76402ABD7935E7AB /* WorkerSessionState.swift in Sources */,
			);
			runOnlyForDeploymentPostprocessing = 0;
		};
		563A79A20CA7D357A0845464 /* Sources */ = {
			isa = PBXSourcesBuildPhase;
			buildActionMask = 2147483647;
			files = (
				8273E578B2270DE06F2929AD /* AgentKind.swift in Sources */,
				AAEB19BE832AA82DC18FCAB7 /* AgentLaunchDefaults.swift in Sources */,
				BBA0E3AFE6FC24D98449C066 /* ProjectListView.swift in Sources */,
				DB51FE1BE21320B0B25FEA1F /* RelayTerminalView.swift in Sources */,
				D1B54B829875C80E2FD689A8 /* RootView.swift in Sources */,
				E2ADDC0EA215EBD53200AD46 /* SSHIdentityStore.swift in Sources */,
				643FB349DC4C4DF21D981030 /* SSHTransport.swift in Sources */,
				034F2FEC41EB660A56480C8C /* TerminalRelayIOSApp.swift in Sources */,
				2653CA2FF73C430E73EB9F6D /* TerminalRepresentable.swift in Sources */,
				9C9080C99E862B01B2501009 /* TerminalScreen.swift in Sources */,
				07CE458918D5CC0869DB4BF4 /* TerminalSessionController.swift in Sources */,
				E0351DAD70326C8BCC2E65BB /* WorkerOnboardingView.swift in Sources */,
				74E7BBE2E5DE43DB6016A4AB /* WorkerProfile.swift in Sources */,
				57DFC1FA07366333D4D4CE46 /* WorkerProfileStore.swift in Sources */,
				4E043EF2DA8AC4358489FE32 /* WorkerRemoteCommand.swift in Sources */,
				4CDD21635AE31893E2FBD28C /* WorkerSessionModel.swift in Sources */,
				C0E60721BA9E8000D59BE1F0 /* WorkerSessionState.swift in Sources */,
			);
			runOnlyForDeploymentPostprocessing = 0;
		};
		94719D53AEAEB48C8C9441D1 /* Sources */ = {
			isa = PBXSourcesBuildPhase;
			buildActionMask = 2147483647;
			files = (
				B4C6BDEAD7BD0A7E5A85C161 /* AccountUsageServiceTests.swift in Sources */,
				DC092AA9C4E650C702FC9302 /* GitHubProjectServiceTests.swift in Sources */,
				9271FF5CDD1B8FDF00EA1FE6 /* ProjectGitServiceTests.swift in Sources */,
				4F35926FD66E6ACA4FC3AAB6 /* ProjectProfileTests.swift in Sources */,
				082BC076502E8924C6DE81FF /* ProjectStoreTests.swift in Sources */,
				B1FD3BBC4984CEC8284D7ECA /* SSHCommandBuilderTests.swift in Sources */,
				14ADAB4E0A22C6C72C412851 /* ServerProfileTests.swift in Sources */,
				CC8BDB4D65D80A701E9EB31A /* ServerStoreTests.swift in Sources */,
				2BF33DB4120A9B8E4639F6A2 /* SessionManagerTests.swift in Sources */,
				040CA3D96665635AD86CD343 /* SessionSlotRegistryTests.swift in Sources */,
				7176098820B3653E154BB020 /* WorkerMetricsServiceTests.swift in Sources */,
				B803A5D7F7D9E936A1E7FA5A /* WorkerRegistrationURLTests.swift in Sources */,
				F6693B26956A1182277D3400 /* WorkerSessionServiceTests.swift in Sources */,
				EA0CEC01562388C25B86A9B1 /* WorkerSessionStateTests.swift in Sources */,
			);
			runOnlyForDeploymentPostprocessing = 0;
		};
		FF0243E5DAB235D252304B42 /* Sources */ = {
			isa = PBXSourcesBuildPhase;
			buildActionMask = 2147483647;
			files = (
				149A0AA1438A64937313424E /* WorkerProfileStoreTests.swift in Sources */,
				11CC230FC23C4396DE674214 /* WorkerProfileTests.swift in Sources */,
				4F01464136D32A3DD20E7ED5 /* WorkerRemoteCommandTests.swift in Sources */,
			);
			runOnlyForDeploymentPostprocessing = 0;
		};
/* End PBXSourcesBuildPhase section */

/* Begin PBXTargetDependency section */
		004F42261AD7F3A4E96E8619 /* PBXTargetDependency */ = {
			isa = PBXTargetDependency;
			target = 06241A6EBADB09447CB9555B /* TerminalRelay */;
			targetProxy = AE58D8DEE0CC54DB59DC4E26 /* PBXContainerItemProxy */;
		};
		42D57465B353802AFA765F02 /* PBXTargetDependency */ = {
			isa = PBXTargetDependency;
			target = 519A1826C600DA236986F8D4 /* TerminalRelayIOS */;
			targetProxy = D2495ACCB2A3F0EC4F0C0D55 /* PBXContainerItemProxy */;
		};
/* End PBXTargetDependency section */

/* Begin XCBuildConfiguration section */
		3631B0067D54603174274753 /* Debug */ = {
			isa = XCBuildConfiguration;
			buildSettings = {
				ALWAYS_SEARCH_USER_PATHS = NO;
				CLANG_ANALYZER_NONNULL = YES;
				CLANG_ANALYZER_NUMBER_OBJECT_CONVERSION = YES_AGGRESSIVE;
				CLANG_CXX_LANGUAGE_STANDARD = "gnu++14";
				CLANG_CXX_LIBRARY = "libc++";
				CLANG_ENABLE_MODULES = YES;
				CLANG_ENABLE_OBJC_ARC = YES;
				CLANG_ENABLE_OBJC_WEAK = YES;
				CLANG_WARN_BLOCK_CAPTURE_AUTORELEASING = YES;
				CLANG_WARN_BOOL_CONVERSION = YES;
				CLANG_WARN_COMMA = YES;
				CLANG_WARN_CONSTANT_CONVERSION = YES;
				CLANG_WARN_DEPRECATED_OBJC_IMPLEMENTATIONS = YES;
				CLANG_WARN_DIRECT_OBJC_ISA_USAGE = YES_ERROR;
				CLANG_WARN_DOCUMENTATION_COMMENTS = YES;
				CLANG_WARN_EMPTY_BODY = YES;
				CLANG_WARN_ENUM_CONVERSION = YES;
				CLANG_WARN_INFINITE_RECURSION = YES;
				CLANG_WARN_INT_CONVERSION = YES;
				CLANG_WARN_NON_LITERAL_NULL_CONVERSION = YES;
				CLANG_WARN_OBJC_IMPLICIT_RETAIN_SELF = YES;
				CLANG_WARN_OBJC_LITERAL_CONVERSION = YES;
				CLANG_WARN_OBJC_ROOT_CLASS = YES_ERROR;
				CLANG_WARN_QUOTED_INCLUDE_IN_FRAMEWORK_HEADER = YES;
				CLANG_WARN_RANGE_LOOP_ANALYSIS = YES;
				CLANG_WARN_STRICT_PROTOTYPES = YES;
				CLANG_WARN_SUSPICIOUS_MOVE = YES;
				CLANG_WARN_UNGUARDED_AVAILABILITY = YES_AGGRESSIVE;
				CLANG_WARN_UNREACHABLE_CODE = YES;
				CLANG_WARN__DUPLICATE_METHOD_MATCH = YES;
				COPY_PHASE_STRIP = NO;
				DEBUG_INFORMATION_FORMAT = dwarf;
				ENABLE_STRICT_OBJC_MSGSEND = YES;
				ENABLE_TESTABILITY = YES;
				GCC_C_LANGUAGE_STANDARD = gnu11;
				GCC_DYNAMIC_NO_PIC = NO;
				GCC_NO_COMMON_BLOCKS = YES;
				GCC_OPTIMIZATION_LEVEL = 0;
				GCC_PREPROCESSOR_DEFINITIONS = (
					"$(inherited)",
					"DEBUG=1",
				);
				GCC_WARN_64_TO_32_BIT_CONVERSION = YES;
				GCC_WARN_ABOUT_RETURN_TYPE = YES_ERROR;
				GCC_WARN_UNDECLARED_SELECTOR = YES;
				GCC_WARN_UNINITIALIZED_AUTOS = YES_AGGRESSIVE;
				GCC_WARN_UNUSED_FUNCTION = YES;
				GCC_WARN_UNUSED_VARIABLE = YES;
				IPHONEOS_DEPLOYMENT_TARGET = 17.0;
				MACOSX_DEPLOYMENT_TARGET = 14.0;
				MTL_ENABLE_DEBUG_INFO = INCLUDE_SOURCE;
				MTL_FAST_MATH = YES;
				ONLY_ACTIVE_ARCH = YES;
				PRODUCT_NAME = "$(TARGET_NAME)";
				SWIFT_ACTIVE_COMPILATION_CONDITIONS = DEBUG;
				SWIFT_OPTIMIZATION_LEVEL = "-Onone";
				SWIFT_VERSION = 5.0;
			};
			name = Debug;
		};
		3A3E2B8365398777A1AD79A6 /* Release */ = {
			isa = XCBuildConfiguration;
			buildSettings = {
				BUNDLE_LOADER = "$(TEST_HOST)";
				COMBINE_HIDPI_IMAGES = YES;
				GENERATE_INFOPLIST_FILE = YES;
				LD_RUNPATH_SEARCH_PATHS = (
					"$(inherited)",
					"@executable_path/../Frameworks",
					"@loader_path/../Frameworks",
				);
				PRODUCT_BUNDLE_IDENTIFIER = com.mpieras.TerminalRelayTests;
				SDKROOT = macosx;
				SWIFT_VERSION = 5.0;
				TEST_HOST = "$(BUILT_PRODUCTS_DIR)/Terminal Relay.app/Contents/MacOS/Terminal Relay";
			};
			name = Release;
		};
		5447A1DA7F789FCA0665D07D /* Debug */ = {
			isa = XCBuildConfiguration;
			buildSettings = {
				BUNDLE_LOADER = "$(TEST_HOST)";
				GENERATE_INFOPLIST_FILE = YES;
				LD_RUNPATH_SEARCH_PATHS = (
					"$(inherited)",
					"@executable_path/Frameworks",
					"@loader_path/Frameworks",
				);
				PRODUCT_BUNDLE_IDENTIFIER = com.mpieras.TerminalRelayIOSTests;
				SDKROOT = iphoneos;
				SWIFT_VERSION = 5.0;
				TARGETED_DEVICE_FAMILY = "1,2";
				TEST_HOST = "$(BUILT_PRODUCTS_DIR)/Terminal Relay.app/Terminal Relay";
			};
			name = Debug;
		};
		67151650F3FE81C239F5043E /* Release */ = {
			isa = XCBuildConfiguration;
			buildSettings = {
				ALWAYS_SEARCH_USER_PATHS = NO;
				CLANG_ANALYZER_NONNULL = YES;
				CLANG_ANALYZER_NUMBER_OBJECT_CONVERSION = YES_AGGRESSIVE;
				CLANG_CXX_LANGUAGE_STANDARD = "gnu++14";
				CLANG_CXX_LIBRARY = "libc++";
				CLANG_ENABLE_MODULES = YES;
				CLANG_ENABLE_OBJC_ARC = YES;
				CLANG_ENABLE_OBJC_WEAK = YES;
				CLANG_WARN_BLOCK_CAPTURE_AUTORELEASING = YES;
				CLANG_WARN_BOOL_CONVERSION = YES;
				CLANG_WARN_COMMA = YES;
				CLANG_WARN_CONSTANT_CONVERSION = YES;
				CLANG_WARN_DEPRECATED_OBJC_IMPLEMENTATIONS = YES;
				CLANG_WARN_DIRECT_OBJC_ISA_USAGE = YES_ERROR;
				CLANG_WARN_DOCUMENTATION_COMMENTS = YES;
				CLANG_WARN_EMPTY_BODY = YES;
				CLANG_WARN_ENUM_CONVERSION = YES;
				CLANG_WARN_INFINITE_RECURSION = YES;
				CLANG_WARN_INT_CONVERSION = YES;
				CLANG_WARN_NON_LITERAL_NULL_CONVERSION = YES;
				CLANG_WARN_OBJC_IMPLICIT_RETAIN_SELF = YES;
				CLANG_WARN_OBJC_LITERAL_CONVERSION = YES;
				CLANG_WARN_OBJC_ROOT_CLASS = YES_ERROR;
				CLANG_WARN_QUOTED_INCLUDE_IN_FRAMEWORK_HEADER = YES;
				CLANG_WARN_RANGE_LOOP_ANALYSIS = YES;
				CLANG_WARN_STRICT_PROTOTYPES = YES;
				CLANG_WARN_SUSPICIOUS_MOVE = YES;
				CLANG_WARN_UNGUARDED_AVAILABILITY = YES_AGGRESSIVE;
				CLANG_WARN_UNREACHABLE_CODE = YES;
				CLANG_WARN__DUPLICATE_METHOD_MATCH = YES;
				COPY_PHASE_STRIP = NO;
				DEBUG_INFORMATION_FORMAT = "dwarf-with-dsym";
				ENABLE_NS_ASSERTIONS = NO;
				ENABLE_STRICT_OBJC_MSGSEND = YES;
				GCC_C_LANGUAGE_STANDARD = gnu11;
				GCC_NO_COMMON_BLOCKS = YES;
				GCC_WARN_64_TO_32_BIT_CONVERSION = YES;
				GCC_WARN_ABOUT_RETURN_TYPE = YES_ERROR;
				GCC_WARN_UNDECLARED_SELECTOR = YES;
				GCC_WARN_UNINITIALIZED_AUTOS = YES_AGGRESSIVE;
				GCC_WARN_UNUSED_FUNCTION = YES;
				GCC_WARN_UNUSED_VARIABLE = YES;
				IPHONEOS_DEPLOYMENT_TARGET = 17.0;
				MACOSX_DEPLOYMENT_TARGET = 14.0;
				MTL_ENABLE_DEBUG_INFO = NO;
				MTL_FAST_MATH = YES;
				PRODUCT_NAME = "$(TARGET_NAME)";
				SWIFT_COMPILATION_MODE = wholemodule;
				SWIFT_OPTIMIZATION_LEVEL = "-O";
				SWIFT_VERSION = 5.0;
			};
			name = Release;
		};
		874C4647220BA48C9E828D02 /* Release */ = {
			isa = XCBuildConfiguration;
			buildSettings = {
				ASSETCATALOG_COMPILER_APPICON_NAME = AppIcon;
				CODE_SIGN_IDENTITY = "iPhone Developer";
				CODE_SIGN_STYLE = Automatic;
				CURRENT_PROJECT_VERSION = 1;
				GENERATE_INFOPLIST_FILE = YES;
				INFOPLIST_KEY_CFBundleDisplayName = "Terminal Relay";
				INFOPLIST_KEY_CFBundleName = "Terminal Relay";
				INFOPLIST_KEY_LSApplicationCategoryType = "public.app-category.developer-tools";
				INFOPLIST_KEY_NSLocalNetworkUsageDescription = "Terminal Relay connects to your worker over Tailscale.";
				LD_RUNPATH_SEARCH_PATHS = (
					"$(inherited)",
					"@executable_path/Frameworks",
				);
				MARKETING_VERSION = 1.0;
				PRODUCT_BUNDLE_IDENTIFIER = com.mpieras.TerminalRelay.iOS;
				PRODUCT_MODULE_NAME = TerminalRelayIOS;
				PRODUCT_NAME = "Terminal Relay";
				SDKROOT = iphoneos;
				SWIFT_VERSION = 5.0;
				TARGETED_DEVICE_FAMILY = "1,2";
			};
			name = Release;
		};
		A23313BB23D4F760CE1EF2D7 /* Debug */ = {
			isa = XCBuildConfiguration;
			buildSettings = {
				ASSETCATALOG_COMPILER_APPICON_NAME = AppIcon;
				CODE_SIGN_STYLE = Automatic;
				COMBINE_HIDPI_IMAGES = YES;
				CURRENT_PROJECT_VERSION = 1;
				ENABLE_HARDENED_RUNTIME = YES;
				GENERATE_INFOPLIST_FILE = NO;
				INFOPLIST_FILE = TerminalRelay/Info.plist;
				INFOPLIST_KEY_CFBundleDisplayName = "Terminal Relay";
				INFOPLIST_KEY_CFBundleName = "Terminal Relay";
				INFOPLIST_KEY_LSApplicationCategoryType = "public.app-category.developer-tools";
				LD_RUNPATH_SEARCH_PATHS = (
					"$(inherited)",
					"@executable_path/../Frameworks",
				);
				MARKETING_VERSION = 1.0;
				PRODUCT_BUNDLE_IDENTIFIER = com.mpieras.TerminalRelay;
				PRODUCT_MODULE_NAME = TerminalRelay;
				PRODUCT_NAME = "Terminal Relay";
				SDKROOT = macosx;
				SWIFT_VERSION = 5.0;
			};
			name = Debug;
		};
		B785C70E0AAE39438CA1859B /* Debug */ = {
			isa = XCBuildConfiguration;
			buildSettings = {
				ASSETCATALOG_COMPILER_APPICON_NAME = AppIcon;
				CODE_SIGN_IDENTITY = "iPhone Developer";
				CODE_SIGN_STYLE = Automatic;
				CURRENT_PROJECT_VERSION = 1;
				GENERATE_INFOPLIST_FILE = YES;
				INFOPLIST_KEY_CFBundleDisplayName = "Terminal Relay";
				INFOPLIST_KEY_CFBundleName = "Terminal Relay";
				INFOPLIST_KEY_LSApplicationCategoryType = "public.app-category.developer-tools";
				INFOPLIST_KEY_NSLocalNetworkUsageDescription = "Terminal Relay connects to your worker over Tailscale.";
				LD_RUNPATH_SEARCH_PATHS = (
					"$(inherited)",
					"@executable_path/Frameworks",
				);
				MARKETING_VERSION = 1.0;
				PRODUCT_BUNDLE_IDENTIFIER = com.mpieras.TerminalRelay.iOS;
				PRODUCT_MODULE_NAME = TerminalRelayIOS;
				PRODUCT_NAME = "Terminal Relay";
				SDKROOT = iphoneos;
				SWIFT_VERSION = 5.0;
				TARGETED_DEVICE_FAMILY = "1,2";
			};
			name = Debug;
		};
		DB038FA4EC993D79CC11490E /* Release */ = {
			isa = XCBuildConfiguration;
			buildSettings = {
				BUNDLE_LOADER = "$(TEST_HOST)";
				GENERATE_INFOPLIST_FILE = YES;
				LD_RUNPATH_SEARCH_PATHS = (
					"$(inherited)",
					"@executable_path/Frameworks",
					"@loader_path/Frameworks",
				);
				PRODUCT_BUNDLE_IDENTIFIER = com.mpieras.TerminalRelayIOSTests;
				SDKROOT = iphoneos;
				SWIFT_VERSION = 5.0;
				TARGETED_DEVICE_FAMILY = "1,2";
				TEST_HOST = "$(BUILT_PRODUCTS_DIR)/Terminal Relay.app/Terminal Relay";
			};
			name = Release;
		};
		FEF5B2E54BBDE62758F9FF22 /* Release */ = {
			isa = XCBuildConfiguration;
			buildSettings = {
				ASSETCATALOG_COMPILER_APPICON_NAME = AppIcon;
				CODE_SIGN_STYLE = Automatic;
				COMBINE_HIDPI_IMAGES = YES;
				CURRENT_PROJECT_VERSION = 1;
				ENABLE_HARDENED_RUNTIME = YES;
				GENERATE_INFOPLIST_FILE = NO;
				INFOPLIST_FILE = TerminalRelay/Info.plist;
				INFOPLIST_KEY_CFBundleDisplayName = "Terminal Relay";
				INFOPLIST_KEY_CFBundleName = "Terminal Relay";
				INFOPLIST_KEY_LSApplicationCategoryType = "public.app-category.developer-tools";
				LD_RUNPATH_SEARCH_PATHS = (
					"$(inherited)",
					"@executable_path/../Frameworks",
				);
				MARKETING_VERSION = 1.0;
				PRODUCT_BUNDLE_IDENTIFIER = com.mpieras.TerminalRelay;
				PRODUCT_MODULE_NAME = TerminalRelay;
				PRODUCT_NAME = "Terminal Relay";
				SDKROOT = macosx;
				SWIFT_VERSION = 5.0;
			};
			name = Release;
		};
		FFD2DFCF663706087944F0A2 /* Debug */ = {
			isa = XCBuildConfiguration;
			buildSettings = {
				BUNDLE_LOADER = "$(TEST_HOST)";
				COMBINE_HIDPI_IMAGES = YES;
				GENERATE_INFOPLIST_FILE = YES;
				LD_RUNPATH_SEARCH_PATHS = (
					"$(inherited)",
					"@executable_path/../Frameworks",
					"@loader_path/../Frameworks",
				);
				PRODUCT_BUNDLE_IDENTIFIER = com.mpieras.TerminalRelayTests;
				SDKROOT = macosx;
				SWIFT_VERSION = 5.0;
				TEST_HOST = "$(BUILT_PRODUCTS_DIR)/Terminal Relay.app/Contents/MacOS/Terminal Relay";
			};
			name = Debug;
		};
/* End XCBuildConfiguration section */

/* Begin XCConfigurationList section */
		16D33051CB2222D395074175 /* Build configuration list for PBXNativeTarget "TerminalRelayIOS" */ = {
			isa = XCConfigurationList;
			buildConfigurations = (
				B785C70E0AAE39438CA1859B /* Debug */,
				874C4647220BA48C9E828D02 /* Release */,
			);
			defaultConfigurationIsVisible = 0;
			defaultConfigurationName = Debug;
		};
		232AE91B956DD0064854432A /* Build configuration list for PBXNativeTarget "TerminalRelay" */ = {
			isa = XCConfigurationList;
			buildConfigurations = (
				A23313BB23D4F760CE1EF2D7 /* Debug */,
				FEF5B2E54BBDE62758F9FF22 /* Release */,
			);
			defaultConfigurationIsVisible = 0;
			defaultConfigurationName = Debug;
		};
		260BCA42D75A9AF553C34919 /* Build configuration list for PBXProject "TerminalRelay" */ = {
			isa = XCConfigurationList;
			buildConfigurations = (
				3631B0067D54603174274753 /* Debug */,
				67151650F3FE81C239F5043E /* Release */,
			);
			defaultConfigurationIsVisible = 0;
			defaultConfigurationName = Debug;
		};
		D0D20ABE31286093743979BD /* Build configuration list for PBXNativeTarget "TerminalRelayIOSTests" */ = {
			isa = XCConfigurationList;
			buildConfigurations = (
				5447A1DA7F789FCA0665D07D /* Debug */,
				DB038FA4EC993D79CC11490E /* Release */,
			);
			defaultConfigurationIsVisible = 0;
			defaultConfigurationName = Debug;
		};
		FE32867D4681E4BECC564965 /* Build configuration list for PBXNativeTarget "TerminalRelayTests" */ = {
			isa = XCConfigurationList;
			buildConfigurations = (
				FFD2DFCF663706087944F0A2 /* Debug */,
				3A3E2B8365398777A1AD79A6 /* Release */,
			);
			defaultConfigurationIsVisible = 0;
			defaultConfigurationName = Debug;
		};
/* End XCConfigurationList section */

/* Begin XCRemoteSwiftPackageReference section */
		0686AA42F00E57D91969C401 /* XCRemoteSwiftPackageReference "SwiftTerm" */ = {
			isa = XCRemoteSwiftPackageReference;
			repositoryURL = "https://github.com/migueldeicaza/SwiftTerm.git";
			requirement = {
				kind = exactVersion;
				version = 1.15.0;
			};
		};
		D3F8B2E4A6229982352404BF /* XCRemoteSwiftPackageReference "swift-nio-ssh" */ = {
			isa = XCRemoteSwiftPackageReference;
			repositoryURL = "https://github.com/apple/swift-nio-ssh.git";
			requirement = {
				kind = exactVersion;
				version = 0.12.0;
			};
		};
		E9A74B734AD516D0A2095D36 /* XCRemoteSwiftPackageReference "swift-nio" */ = {
			isa = XCRemoteSwiftPackageReference;
			repositoryURL = "https://github.com/apple/swift-nio.git";
			requirement = {
				kind = exactVersion;
				version = 2.92.2;
			};
		};
/* End XCRemoteSwiftPackageReference section */

/* Begin XCSwiftPackageProductDependency section */
		551DCCFC78D5C88FB7787442 /* SwiftTerm */ = {
			isa = XCSwiftPackageProductDependency;
			package = 0686AA42F00E57D91969C401 /* XCRemoteSwiftPackageReference "SwiftTerm" */;
			productName = SwiftTerm;
		};
		946BC5F61BD8D63948D993CD /* SwiftTerm */ = {
			isa = XCSwiftPackageProductDependency;
			package = 0686AA42F00E57D91969C401 /* XCRemoteSwiftPackageReference "SwiftTerm" */;
			productName = SwiftTerm;
		};
		DFCE7DA6948B7424BFC5FCC0 /* NIOPosix */ = {
			isa = XCSwiftPackageProductDependency;
			package = E9A74B734AD516D0A2095D36 /* XCRemoteSwiftPackageReference "swift-nio" */;
			productName = NIOPosix;
		};
		F32C79F970286E89465B464A /* NIOCore */ = {
			isa = XCSwiftPackageProductDependency;
			package = E9A74B734AD516D0A2095D36 /* XCRemoteSwiftPackageReference "swift-nio" */;
			productName = NIOCore;
		};
		F84A3895C2FC520F8439BD76 /* NIOSSH */ = {
			isa = XCSwiftPackageProductDependency;
			package = D3F8B2E4A6229982352404BF /* XCRemoteSwiftPackageReference "swift-nio-ssh" */;
			productName = NIOSSH;
		};
/* End XCSwiftPackageProductDependency section */
	};
	rootObject = 5B2609543A6B71530C75AFFE /* Project object */;
}
